<?xml version="1.0"?>
<!--
##########################################################################
# *.vcxproj/sln: Some Visual Studio project/solution file part.
# Copyright (C) $(GODDAMN_DEV) 2011 - Present. All Rights Reserved.
#
# This file was automatically generated by GoddamnBuildSystem. 
# Please, do not edit it manually.
##########################################################################
-->
<Project ToolsVersion="4.0" xmlns="http://schemas.microsoft.com/developer/msbuild/2003">
    <ItemGroup />
    <ItemGroup>
        <None Include="D:\GoddamnEngine\source\GoddamnEngine\Runtime\.gdproj.cs" />
        <ClCompile Include="D:\GoddamnEngine\source\GoddamnEngine\Runtime\Runtime.cpp" />
    </ItemGroup>
</Project>