<?xml version="1.0"?>
<!--
##########################################################################
# *.vcxproj/sln: Some Visual Studio project/solution file part.
# Copyright (C) $(GODDAMN_DEV) 2011 - Present. All Rights Reserved.
#
# This file was automatically generated by GoddamnBuildSystem. 
# Please, do not edit it manually.
##########################################################################
-->
<Project ToolsVersion="4.0" xmlns="http://schemas.microsoft.com/developer/msbuild/2003">
    <ItemGroup>
        <Filter Include="Application">
            <UniqueIdentifier>{d7698967-3af4-4fd9-997c-e51f5f81e8c0}</UniqueIdentifier>
        </Filter>
        <Filter Include="Component">
            <UniqueIdentifier>{91cc478a-4d9f-4207-819c-0a3953412252}</UniqueIdentifier>
        </Filter>
        <Filter Include="Component\Camera">
            <UniqueIdentifier>{14b42ae8-73ba-4dcb-996c-77899af6630f}</UniqueIdentifier>
        </Filter>
        <Filter Include="Component\GameObject">
            <UniqueIdentifier>{933a89c3-f744-49ae-a6f0-06e7030572f8}</UniqueIdentifier>
        </Filter>
        <Filter Include="Component\MeshRenderer">
            <UniqueIdentifier>{0534025f-2646-47ca-a840-160e9468a716}</UniqueIdentifier>
        </Filter>
        <Filter Include="Component\Rigidbody">
            <UniqueIdentifier>{bf51ad01-7d72-41c3-b95b-d8f217911f0b}</UniqueIdentifier>
        </Filter>
        <Filter Include="Component\Static">
            <UniqueIdentifier>{05f7746f-e05c-491d-bc5b-d13c83b3fb65}</UniqueIdentifier>
        </Filter>
        <Filter Include="Component\Static\DeviceConfiguration">
            <UniqueIdentifier>{3e40dcb3-5863-4448-86d9-11332ddc4adc}</UniqueIdentifier>
        </Filter>
        <Filter Include="Component\Static\Input">
            <UniqueIdentifier>{2bc030ce-79ec-46f0-85c9-66751181686b}</UniqueIdentifier>
        </Filter>
        <Filter Include="Component\Static\Physics">
            <UniqueIdentifier>{874d0a12-2187-4ce7-8211-7a1c5c8e053b}</UniqueIdentifier>
        </Filter>
        <Filter Include="Component\Static\Screen">
            <UniqueIdentifier>{e651ced0-735c-4e7f-ad73-2a291004e38c}</UniqueIdentifier>
        </Filter>
        <Filter Include="Component\Transform">
            <UniqueIdentifier>{c12612fd-e5ab-4cec-83df-84819fbbe7d5}</UniqueIdentifier>
        </Filter>
        <Filter Include="HUD">
            <UniqueIdentifier>{0ca63366-93ff-449e-a118-1e755f074eee}</UniqueIdentifier>
        </Filter>
        <Filter Include="Plugin">
            <UniqueIdentifier>{c0517d01-ca1e-4ebb-aa47-1896cf0c59e5}</UniqueIdentifier>
        </Filter>
        <Filter Include="Renderer">
            <UniqueIdentifier>{3522c455-a6c7-43d1-b6e9-79e54fa57e90}</UniqueIdentifier>
        </Filter>
        <Filter Include="Renderer\Impl">
            <UniqueIdentifier>{2a21d7d3-d531-4dca-80cd-18ac3ce04db4}</UniqueIdentifier>
        </Filter>
        <Filter Include="Renderer\Impl\Direct3D11">
            <UniqueIdentifier>{e5bfb468-ddd9-494a-9bf0-0b41b843fc2e}</UniqueIdentifier>
        </Filter>
        <Filter Include="Renderer\Impl\Direct3D12">
            <UniqueIdentifier>{e10a828c-2299-483b-8171-c10117546ff1}</UniqueIdentifier>
        </Filter>
        <Filter Include="Renderer\Impl\GCM">
            <UniqueIdentifier>{2442adf3-b6fc-4fb2-966c-a22371070ee5}</UniqueIdentifier>
        </Filter>
        <Filter Include="Renderer\Impl\Mantle">
            <UniqueIdentifier>{c26cf2c2-76c5-4395-a083-c91c6954b2a8}</UniqueIdentifier>
        </Filter>
        <Filter Include="Renderer\Impl\Metal">
            <UniqueIdentifier>{01dfe96e-d951-4f63-a43c-0f137b1d2a52}</UniqueIdentifier>
        </Filter>
        <Filter Include="Renderer\Shader">
            <UniqueIdentifier>{2b1b8055-7560-430d-be6a-e5e1e9494251}</UniqueIdentifier>
        </Filter>
        <Filter Include="Renderer\Shader\CrossCompiler">
            <UniqueIdentifier>{107ed2b3-dfde-4655-b257-115593d4e8c1}</UniqueIdentifier>
        </Filter>
        <Filter Include="Renderer\Shader\CrossCompiler\Description">
            <UniqueIdentifier>{137978e0-232a-4fff-b960-a31e91167ffe}</UniqueIdentifier>
        </Filter>
        <Filter Include="Renderer\Shader\CrossCompiler\Generator">
            <UniqueIdentifier>{20a26f24-4d71-4f25-af61-df91be13e74e}</UniqueIdentifier>
        </Filter>
        <Filter Include="Renderer\Shader\CrossCompiler\Parser">
            <UniqueIdentifier>{eed1ff10-4ba2-465e-a135-ed4ea9af22f0}</UniqueIdentifier>
        </Filter>
        <Filter Include="Resource">
            <UniqueIdentifier>{d331f76d-b545-400d-8206-1e68da91f6c0}</UniqueIdentifier>
        </Filter>
        <Filter Include="Resource\Material">
            <UniqueIdentifier>{44245fa3-c09f-4193-9e7e-2a5540fb6a7d}</UniqueIdentifier>
        </Filter>
        <Filter Include="Resource\ResourceIdentifier">
            <UniqueIdentifier>{af6d1523-f6c9-4c11-af51-f153be6e001e}</UniqueIdentifier>
        </Filter>
        <Filter Include="Resource\ResourceLoader">
            <UniqueIdentifier>{f08adfa0-a5c7-465c-bf5e-7207256755ab}</UniqueIdentifier>
        </Filter>
        <Filter Include="Resource\ResourceLoader\FromFile">
            <UniqueIdentifier>{e08051ae-4e87-4c4a-bc2c-09c1fa7b2e8f}</UniqueIdentifier>
        </Filter>
        <Filter Include="Resource\ResourceLoader\FromMemory">
            <UniqueIdentifier>{8aa1195e-6970-46f3-8322-da538c4f093b}</UniqueIdentifier>
        </Filter>
        <Filter Include="Resource\ResourceLoader\FromPackage">
            <UniqueIdentifier>{2506b0b5-6861-4ff1-968d-c587adfdcee7}</UniqueIdentifier>
        </Filter>
        <Filter Include="Resource\ResourceLoader\FromServer">
            <UniqueIdentifier>{75a48d64-b4f3-434b-a806-201bbcf5a2b6}</UniqueIdentifier>
        </Filter>
        <Filter Include="Resource\ResourceStreamer">
            <UniqueIdentifier>{28bce471-f4b5-4dd3-a305-229f51f74075}</UniqueIdentifier>
        </Filter>
        <Filter Include="Resource\ShaderProgram">
            <UniqueIdentifier>{d19b4173-5125-474a-b2d2-168f19eeeb75}</UniqueIdentifier>
        </Filter>
        <Filter Include="Resource\StaticMesh">
            <UniqueIdentifier>{b66f4d5f-d154-474c-8089-15754a321b9f}</UniqueIdentifier>
        </Filter>
        <Filter Include="Resource\Texture2D">
            <UniqueIdentifier>{00816443-6e83-4233-87ce-e01309de75d1}</UniqueIdentifier>
        </Filter>
        <Filter Include="Scene">
            <UniqueIdentifier>{b8fd8425-baae-42a1-806f-df67a29d087e}</UniqueIdentifier>
        </Filter>
        <Filter Include="_DLLResources">
            <UniqueIdentifier>{626590aa-12ef-428f-bb77-ca76a6164b5f}</UniqueIdentifier>
        </Filter>
    </ItemGroup>
    <ItemGroup>
        <None Include="D:\GoddamnEngine\source\GoddamnEngine\Engine\.gdproj.cs" />
        <ClCompile Include="D:\GoddamnEngine\source\GoddamnEngine\Engine\Application\Application.cc">
            <Filter>Application</Filter>
        </ClCompile>
        <ClInclude Include="D:\GoddamnEngine\source\GoddamnEngine\Engine\Application\Application.hh">
            <Filter>Application</Filter>
        </ClInclude>
        <None Include="D:\GoddamnEngine\source\GoddamnEngine\Engine\Application\Application.inl">
            <Filter>Application</Filter>
        </None>
        <ClCompile Include="D:\GoddamnEngine\source\GoddamnEngine\Engine\Component\Component.cc">
            <Filter>Component</Filter>
        </ClCompile>
        <ClInclude Include="D:\GoddamnEngine\source\GoddamnEngine\Engine\Component\Component.hh">
            <Filter>Component</Filter>
        </ClInclude>
        <None Include="D:\GoddamnEngine\source\GoddamnEngine\Engine\Component\Component.inl">
            <Filter>Component</Filter>
        </None>
        <ClInclude Include="D:\GoddamnEngine\source\GoddamnEngine\Engine\Component\MeshRenderer.hh">
            <Filter>Component</Filter>
        </ClInclude>
        <ClCompile Include="D:\GoddamnEngine\source\GoddamnEngine\Engine\Component\Camera\Camera.cc">
            <Filter>Component\Camera</Filter>
        </ClCompile>
        <ClInclude Include="D:\GoddamnEngine\source\GoddamnEngine\Engine\Component\Camera\Camera.hh">
            <Filter>Component\Camera</Filter>
        </ClInclude>
        <ClCompile Include="D:\GoddamnEngine\source\GoddamnEngine\Engine\Component\GameObject\GameObject.cc">
            <Filter>Component\GameObject</Filter>
        </ClCompile>
        <ClInclude Include="D:\GoddamnEngine\source\GoddamnEngine\Engine\Component\GameObject\GameObject.hh">
            <Filter>Component\GameObject</Filter>
        </ClInclude>
        <None Include="D:\GoddamnEngine\source\GoddamnEngine\Engine\Component\GameObject\GameObject.inl">
            <Filter>Component\GameObject</Filter>
        </None>
        <ClCompile Include="D:\GoddamnEngine\source\GoddamnEngine\Engine\Component\MeshRenderer\MeshRenderer.cc">
            <Filter>Component\MeshRenderer</Filter>
        </ClCompile>
        <ClInclude Include="D:\GoddamnEngine\source\GoddamnEngine\Engine\Component\MeshRenderer\MeshRenderer.hh">
            <Filter>Component\MeshRenderer</Filter>
        </ClInclude>
        <ClCompile Include="D:\GoddamnEngine\source\GoddamnEngine\Engine\Component\Static\StaticComponent.cc">
            <Filter>Component\Static</Filter>
        </ClCompile>
        <ClInclude Include="D:\GoddamnEngine\source\GoddamnEngine\Engine\Component\Static\StaticComponent.hh">
            <Filter>Component\Static</Filter>
        </ClInclude>
        <ClInclude Include="D:\GoddamnEngine\source\GoddamnEngine\Engine\Component\Static\DeviceConfiguration\DeviceConfiguration.hh">
            <Filter>Component\Static\DeviceConfiguration</Filter>
        </ClInclude>
        <ClCompile Include="D:\GoddamnEngine\source\GoddamnEngine\Engine\Component\Static\DeviceConfiguration\DeviceConfiguration_WIN32.cc">
            <Filter>Component\Static\DeviceConfiguration</Filter>
        </ClCompile>
        <ClCompile Include="D:\GoddamnEngine\source\GoddamnEngine\Engine\Component\Static\Input\Input.cc">
            <Filter>Component\Static\Input</Filter>
        </ClCompile>
        <ClInclude Include="D:\GoddamnEngine\source\GoddamnEngine\Engine\Component\Static\Input\Input.hh">
            <Filter>Component\Static\Input</Filter>
        </ClInclude>
        <ClCompile Include="D:\GoddamnEngine\source\GoddamnEngine\Engine\Component\Static\Input\Input_WIN32_WINAPI.cc">
            <Filter>Component\Static\Input</Filter>
        </ClCompile>
        <ClCompile Include="D:\GoddamnEngine\source\GoddamnEngine\Engine\Component\Static\Physics\Physics.cc">
            <Filter>Component\Static\Physics</Filter>
        </ClCompile>
        <ClInclude Include="D:\GoddamnEngine\source\GoddamnEngine\Engine\Component\Static\Physics\Physics.hh">
            <Filter>Component\Static\Physics</Filter>
        </ClInclude>
        <None Include="D:\GoddamnEngine\source\GoddamnEngine\Engine\Component\Static\Physics\Physics.inl">
            <Filter>Component\Static\Physics</Filter>
        </None>
        <ClCompile Include="D:\GoddamnEngine\source\GoddamnEngine\Engine\Component\Static\Screen\Screen.cc">
            <Filter>Component\Static\Screen</Filter>
        </ClCompile>
        <ClInclude Include="D:\GoddamnEngine\source\GoddamnEngine\Engine\Component\Static\Screen\Screen.hh">
            <Filter>Component\Static\Screen</Filter>
        </ClInclude>
        <None Include="D:\GoddamnEngine\source\GoddamnEngine\Engine\Component\Static\Screen\Screen.inl">
            <Filter>Component\Static\Screen</Filter>
        </None>
        <ClCompile Include="D:\GoddamnEngine\source\GoddamnEngine\Engine\Component\Transform\Transform.cc">
            <Filter>Component\Transform</Filter>
        </ClCompile>
        <ClInclude Include="D:\GoddamnEngine\source\GoddamnEngine\Engine\Component\Transform\Transform.hh">
            <Filter>Component\Transform</Filter>
        </ClInclude>
        <None Include="D:\GoddamnEngine\source\GoddamnEngine\Engine\Component\Transform\Transform.inl">
            <Filter>Component\Transform</Filter>
        </None>
        <ClCompile Include="D:\GoddamnEngine\source\GoddamnEngine\Engine\HUD\HUD.cc">
            <Filter>HUD</Filter>
        </ClCompile>
        <ClInclude Include="D:\GoddamnEngine\source\GoddamnEngine\Engine\HUD\HUD.hh">
            <Filter>HUD</Filter>
        </ClInclude>
        <ClCompile Include="D:\GoddamnEngine\source\GoddamnEngine\Engine\Plugin\Plugin.cc">
            <Filter>Plugin</Filter>
        </ClCompile>
        <ClInclude Include="D:\GoddamnEngine\source\GoddamnEngine\Engine\Plugin\Plugin.hh">
            <Filter>Plugin</Filter>
        </ClInclude>
        <ClCompile Include="D:\GoddamnEngine\source\GoddamnEngine\Engine\Renderer\Renderer.cc">
            <Filter>Renderer</Filter>
        </ClCompile>
        <ClInclude Include="D:\GoddamnEngine\source\GoddamnEngine\Engine\Renderer\Renderer.hh">
            <Filter>Renderer</Filter>
        </ClInclude>
        <ClInclude Include="D:\GoddamnEngine\source\GoddamnEngine\Engine\Renderer\RendererMethods.hh">
            <Filter>Renderer</Filter>
        </ClInclude>
        <ClCompile Include="D:\GoddamnEngine\source\GoddamnEngine\Engine\Renderer\Impl\Direct3D11\D3D11Buffer.cc">
            <Filter>Renderer\Impl\Direct3D11</Filter>
        </ClCompile>
        <ClInclude Include="D:\GoddamnEngine\source\GoddamnEngine\Engine\Renderer\Impl\Direct3D11\D3D11Buffer.hh">
            <Filter>Renderer\Impl\Direct3D11</Filter>
        </ClInclude>
        <ClCompile Include="D:\GoddamnEngine\source\GoddamnEngine\Engine\Renderer\Impl\Direct3D11\D3D11IndexedShape.cc">
            <Filter>Renderer\Impl\Direct3D11</Filter>
        </ClCompile>
        <ClInclude Include="D:\GoddamnEngine\source\GoddamnEngine\Engine\Renderer\Impl\Direct3D11\D3D11IndexedShape.hh">
            <Filter>Renderer\Impl\Direct3D11</Filter>
        </ClInclude>
        <ClCompile Include="D:\GoddamnEngine\source\GoddamnEngine\Engine\Renderer\Impl\Direct3D11\D3D11LinkagePoint.cc">
            <Filter>Renderer\Impl\Direct3D11</Filter>
        </ClCompile>
        <ClInclude Include="D:\GoddamnEngine\source\GoddamnEngine\Engine\Renderer\Impl\Direct3D11\D3D11LinkagePoint.hh">
            <Filter>Renderer\Impl\Direct3D11</Filter>
        </ClInclude>
        <ClCompile Include="D:\GoddamnEngine\source\GoddamnEngine\Engine\Renderer\Impl\Direct3D11\D3D11Renderer.cc">
            <Filter>Renderer\Impl\Direct3D11</Filter>
        </ClCompile>
        <ClInclude Include="D:\GoddamnEngine\source\GoddamnEngine\Engine\Renderer\Impl\Direct3D11\D3D11Renderer.hh">
            <Filter>Renderer\Impl\Direct3D11</Filter>
        </ClInclude>
        <ClCompile Include="D:\GoddamnEngine\source\GoddamnEngine\Engine\Renderer\Impl\Direct3D11\D3D11RenderTarget.cc">
            <Filter>Renderer\Impl\Direct3D11</Filter>
        </ClCompile>
        <ClInclude Include="D:\GoddamnEngine\source\GoddamnEngine\Engine\Renderer\Impl\Direct3D11\D3D11RenderTarget.hh">
            <Filter>Renderer\Impl\Direct3D11</Filter>
        </ClInclude>
        <ClCompile Include="D:\GoddamnEngine\source\GoddamnEngine\Engine\Renderer\Impl\Direct3D11\D3D11Shader.cc">
            <Filter>Renderer\Impl\Direct3D11</Filter>
        </ClCompile>
        <ClInclude Include="D:\GoddamnEngine\source\GoddamnEngine\Engine\Renderer\Impl\Direct3D11\D3D11Shader.hh">
            <Filter>Renderer\Impl\Direct3D11</Filter>
        </ClInclude>
        <ClCompile Include="D:\GoddamnEngine\source\GoddamnEngine\Engine\Renderer\Impl\Direct3D11\D3D11Texture2D.cc">
            <Filter>Renderer\Impl\Direct3D11</Filter>
        </ClCompile>
        <ClInclude Include="D:\GoddamnEngine\source\GoddamnEngine\Engine\Renderer\Impl\Direct3D11\D3D11Texture2D.hh">
            <Filter>Renderer\Impl\Direct3D11</Filter>
        </ClInclude>
        <ClCompile Include="D:\GoddamnEngine\source\GoddamnEngine\Engine\Renderer\Shader\Shader.cc">
            <Filter>Renderer\Shader</Filter>
        </ClCompile>
        <ClInclude Include="D:\GoddamnEngine\source\GoddamnEngine\Engine\Renderer\Shader\Shader.hh">
            <Filter>Renderer\Shader</Filter>
        </ClInclude>
        <None Include="D:\GoddamnEngine\source\GoddamnEngine\Engine\Renderer\Shader\Shader.inl">
            <Filter>Renderer\Shader</Filter>
        </None>
        <ClCompile Include="D:\GoddamnEngine\source\GoddamnEngine\Engine\Renderer\Shader\CrossCompiler\CrossCompiler.cc">
            <Filter>Renderer\Shader\CrossCompiler</Filter>
        </ClCompile>
        <ClInclude Include="D:\GoddamnEngine\source\GoddamnEngine\Engine\Renderer\Shader\CrossCompiler\CrossCompiler.hh">
            <Filter>Renderer\Shader\CrossCompiler</Filter>
        </ClInclude>
        <None Include="D:\GoddamnEngine\source\GoddamnEngine\Engine\Renderer\Shader\CrossCompiler\CrossCompiler.inl">
            <Filter>Renderer\Shader\CrossCompiler</Filter>
        </None>
        <ClCompile Include="D:\GoddamnEngine\source\GoddamnEngine\Engine\Renderer\Shader\CrossCompiler\Description\Description.cc">
            <Filter>Renderer\Shader\CrossCompiler\Description</Filter>
        </ClCompile>
        <ClInclude Include="D:\GoddamnEngine\source\GoddamnEngine\Engine\Renderer\Shader\CrossCompiler\Description\Description.hh">
            <Filter>Renderer\Shader\CrossCompiler\Description</Filter>
        </ClInclude>
        <None Include="D:\GoddamnEngine\source\GoddamnEngine\Engine\Renderer\Shader\CrossCompiler\Description\Description.inl">
            <Filter>Renderer\Shader\CrossCompiler\Description</Filter>
        </None>
        <ClCompile Include="D:\GoddamnEngine\source\GoddamnEngine\Engine\Renderer\Shader\CrossCompiler\Generator\Generator.cc">
            <Filter>Renderer\Shader\CrossCompiler\Generator</Filter>
        </ClCompile>
        <ClInclude Include="D:\GoddamnEngine\source\GoddamnEngine\Engine\Renderer\Shader\CrossCompiler\Generator\Generator.hh">
            <Filter>Renderer\Shader\CrossCompiler\Generator</Filter>
        </ClInclude>
        <None Include="D:\GoddamnEngine\source\GoddamnEngine\Engine\Renderer\Shader\CrossCompiler\Generator\Generator.inl">
            <Filter>Renderer\Shader\CrossCompiler\Generator</Filter>
        </None>
        <ClCompile Include="D:\GoddamnEngine\source\GoddamnEngine\Engine\Renderer\Shader\CrossCompiler\Parser\Parser.cc">
            <Filter>Renderer\Shader\CrossCompiler\Parser</Filter>
        </ClCompile>
        <ClInclude Include="D:\GoddamnEngine\source\GoddamnEngine\Engine\Renderer\Shader\CrossCompiler\Parser\Parser.hh">
            <Filter>Renderer\Shader\CrossCompiler\Parser</Filter>
        </ClInclude>
        <None Include="D:\GoddamnEngine\source\GoddamnEngine\Engine\Renderer\Shader\CrossCompiler\Parser\Parser.inl">
            <Filter>Renderer\Shader\CrossCompiler\Parser</Filter>
        </None>
        <ClCompile Include="D:\GoddamnEngine\source\GoddamnEngine\Engine\Resource\Resource.cc">
            <Filter>Resource</Filter>
        </ClCompile>
        <ClInclude Include="D:\GoddamnEngine\source\GoddamnEngine\Engine\Resource\Resource.hh">
            <Filter>Resource</Filter>
        </ClInclude>
        <None Include="D:\GoddamnEngine\source\GoddamnEngine\Engine\Resource\Resource.inl">
            <Filter>Resource</Filter>
        </None>
        <ClCompile Include="D:\GoddamnEngine\source\GoddamnEngine\Engine\Resource\Material\Material.cc">
            <Filter>Resource\Material</Filter>
        </ClCompile>
        <ClInclude Include="D:\GoddamnEngine\source\GoddamnEngine\Engine\Resource\Material\Material.hh">
            <Filter>Resource\Material</Filter>
        </ClInclude>
        <ClCompile Include="D:\GoddamnEngine\source\GoddamnEngine\Engine\Resource\ResourceIdentifier\ResourceIdentifier.cc">
            <Filter>Resource\ResourceIdentifier</Filter>
        </ClCompile>
        <ClInclude Include="D:\GoddamnEngine\source\GoddamnEngine\Engine\Resource\ResourceIdentifier\ResourceIdentifier.hh">
            <Filter>Resource\ResourceIdentifier</Filter>
        </ClInclude>
        <None Include="D:\GoddamnEngine\source\GoddamnEngine\Engine\Resource\ResourceIdentifier\ResourceIdentifier.inl">
            <Filter>Resource\ResourceIdentifier</Filter>
        </None>
        <ClInclude Include="D:\GoddamnEngine\source\GoddamnEngine\Engine\Resource\ResourceLoader\ResourceLoader.hh">
            <Filter>Resource\ResourceLoader</Filter>
        </ClInclude>
        <None Include="D:\GoddamnEngine\source\GoddamnEngine\Engine\Resource\ResourceLoader\ResourceLoader.inl">
            <Filter>Resource\ResourceLoader</Filter>
        </None>
        <ClInclude Include="D:\GoddamnEngine\source\GoddamnEngine\Engine\Resource\ResourceLoader\FromFile\ResourceLoaderFromFile.hh">
            <Filter>Resource\ResourceLoader\FromFile</Filter>
        </ClInclude>
        <None Include="D:\GoddamnEngine\source\GoddamnEngine\Engine\Resource\ResourceLoader\FromFile\ResourceLoaderFromFile.inl">
            <Filter>Resource\ResourceLoader\FromFile</Filter>
        </None>
        <ClCompile Include="D:\GoddamnEngine\source\GoddamnEngine\Engine\Resource\ResourceLoader\FromFile\ResourceLoaderFromFile_STD.cc">
            <Filter>Resource\ResourceLoader\FromFile</Filter>
        </ClCompile>
        <ClCompile Include="D:\GoddamnEngine\source\GoddamnEngine\Engine\Resource\ResourceLoader\FromMemory\ResourceLoaderFromMemory.cc">
            <Filter>Resource\ResourceLoader\FromMemory</Filter>
        </ClCompile>
        <ClInclude Include="D:\GoddamnEngine\source\GoddamnEngine\Engine\Resource\ResourceLoader\FromMemory\ResourceLoaderFromMemory.hh">
            <Filter>Resource\ResourceLoader\FromMemory</Filter>
        </ClInclude>
        <None Include="D:\GoddamnEngine\source\GoddamnEngine\Engine\Resource\ResourceLoader\FromMemory\ResourceLoaderFromMemory.inl">
            <Filter>Resource\ResourceLoader\FromMemory</Filter>
        </None>
        <ClCompile Include="D:\GoddamnEngine\source\GoddamnEngine\Engine\Resource\ResourceLoader\FromPackage\ResourceLoaderFromPackage.cc">
            <Filter>Resource\ResourceLoader\FromPackage</Filter>
        </ClCompile>
        <ClInclude Include="D:\GoddamnEngine\source\GoddamnEngine\Engine\Resource\ResourceLoader\FromPackage\ResourceLoaderFromPackage.hh">
            <Filter>Resource\ResourceLoader\FromPackage</Filter>
        </ClInclude>
        <None Include="D:\GoddamnEngine\source\GoddamnEngine\Engine\Resource\ResourceLoader\FromPackage\ResourceLoaderFromPackage.inl">
            <Filter>Resource\ResourceLoader\FromPackage</Filter>
        </None>
        <ClCompile Include="D:\GoddamnEngine\source\GoddamnEngine\Engine\Resource\ResourceLoader\FromServer\ResourceLoaderFromServer.cc">
            <Filter>Resource\ResourceLoader\FromServer</Filter>
        </ClCompile>
        <ClInclude Include="D:\GoddamnEngine\source\GoddamnEngine\Engine\Resource\ResourceLoader\FromServer\ResourceLoaderFromServer.hh">
            <Filter>Resource\ResourceLoader\FromServer</Filter>
        </ClInclude>
        <None Include="D:\GoddamnEngine\source\GoddamnEngine\Engine\Resource\ResourceLoader\FromServer\ResourceLoaderFromServer.inl">
            <Filter>Resource\ResourceLoader\FromServer</Filter>
        </None>
        <ClCompile Include="D:\GoddamnEngine\source\GoddamnEngine\Engine\Resource\ResourceStreamer\ResourceStreamer.cc">
            <Filter>Resource\ResourceStreamer</Filter>
        </ClCompile>
        <ClInclude Include="D:\GoddamnEngine\source\GoddamnEngine\Engine\Resource\ResourceStreamer\ResourceStreamer.hh">
            <Filter>Resource\ResourceStreamer</Filter>
        </ClInclude>
        <None Include="D:\GoddamnEngine\source\GoddamnEngine\Engine\Resource\ResourceStreamer\ResourceStreamer.inl">
            <Filter>Resource\ResourceStreamer</Filter>
        </None>
        <ClCompile Include="D:\GoddamnEngine\source\GoddamnEngine\Engine\Resource\ShaderProgram\ShaderProgramResource.cc">
            <Filter>Resource\ShaderProgram</Filter>
        </ClCompile>
        <ClInclude Include="D:\GoddamnEngine\source\GoddamnEngine\Engine\Resource\ShaderProgram\ShaderProgramResource.hh">
            <Filter>Resource\ShaderProgram</Filter>
        </ClInclude>
        <ClCompile Include="D:\GoddamnEngine\source\GoddamnEngine\Engine\Resource\StaticMesh\StaticMesh.cc">
            <Filter>Resource\StaticMesh</Filter>
        </ClCompile>
        <ClInclude Include="D:\GoddamnEngine\source\GoddamnEngine\Engine\Resource\StaticMesh\StaticMesh.hh">
            <Filter>Resource\StaticMesh</Filter>
        </ClInclude>
        <None Include="D:\GoddamnEngine\source\GoddamnEngine\Engine\Resource\StaticMesh\StaticMesh.inl">
            <Filter>Resource\StaticMesh</Filter>
        </None>
        <ClCompile Include="D:\GoddamnEngine\source\GoddamnEngine\Engine\Resource\Texture2D\Texture2DResource.cc">
            <Filter>Resource\Texture2D</Filter>
        </ClCompile>
        <ClInclude Include="D:\GoddamnEngine\source\GoddamnEngine\Engine\Resource\Texture2D\Texture2DResource.hh">
            <Filter>Resource\Texture2D</Filter>
        </ClInclude>
        <ClCompile Include="D:\GoddamnEngine\source\GoddamnEngine\Engine\Scene\Scene.cc">
            <Filter>Scene</Filter>
        </ClCompile>
        <ClInclude Include="D:\GoddamnEngine\source\GoddamnEngine\Engine\Scene\Scene.hh">
            <Filter>Scene</Filter>
        </ClInclude>
        <None Include="D:\GoddamnEngine\source\GoddamnEngine\Engine\Scene\Scene.inl">
            <Filter>Scene</Filter>
        </None>
        <ResourceCompile Include="D:\GoddamnEngine\source\GoddamnEngine\Engine\_DLLResources\IncredibleEngine.rc">
            <Filter>_DLLResources</Filter>
        </ResourceCompile>
        <ClInclude Include="D:\GoddamnEngine\source\GoddamnEngine\Engine\_DLLResources\resource.hh">
            <Filter>_DLLResources</Filter>
        </ClInclude>
    </ItemGroup>
</Project>