<?xml version="1.0"?>
<!--
##########################################################################
# *.vcxproj/sln: Some Visual Studio project/solution file part.
# Copyright (C) $(GODDAMN_DEV) 2011 - Present. All Rights Reserved.
#
# This file was automatically generated by GoddamnBuildSystem. 
# Please, do not edit it manually.
##########################################################################
-->
<Project ToolsVersion="4.0" xmlns="http://schemas.microsoft.com/developer/msbuild/2003">
    <ItemGroup>
        <Filter Include="Application">
            <UniqueIdentifier>{9ed58a3a-3707-40f3-9173-d95f19745ac7}</UniqueIdentifier>
        </Filter>
        <Filter Include="Component">
            <UniqueIdentifier>{93668222-0f6e-41a5-b705-17e9f9394c74}</UniqueIdentifier>
        </Filter>
        <Filter Include="Component\Camera">
            <UniqueIdentifier>{259c6d45-59aa-4d49-aa19-39de94014f2c}</UniqueIdentifier>
        </Filter>
        <Filter Include="Component\GameObject">
            <UniqueIdentifier>{2631ec12-7bf4-45a1-a5ba-d2abc19f26f0}</UniqueIdentifier>
        </Filter>
        <Filter Include="Component\MeshRenderer">
            <UniqueIdentifier>{e57297e4-2063-49f1-b110-0612d00257c4}</UniqueIdentifier>
        </Filter>
        <Filter Include="Component\Rigidbody">
            <UniqueIdentifier>{58915fa1-a575-4a34-8529-dbcf79bb5e68}</UniqueIdentifier>
        </Filter>
        <Filter Include="Component\Static">
            <UniqueIdentifier>{3da35f3f-f39d-4987-897d-f95f8db2ab79}</UniqueIdentifier>
        </Filter>
        <Filter Include="Component\Static\DeviceConfiguration">
            <UniqueIdentifier>{7fddbe04-da48-4ed2-9119-807688e5aa2b}</UniqueIdentifier>
        </Filter>
        <Filter Include="Component\Static\Input">
            <UniqueIdentifier>{f2357f9e-97ee-498d-a47c-db591b9e6888}</UniqueIdentifier>
        </Filter>
        <Filter Include="Component\Static\Physics">
            <UniqueIdentifier>{03a1ea6c-2738-46e6-a57d-a25fc387537a}</UniqueIdentifier>
        </Filter>
        <Filter Include="Component\Static\Screen">
            <UniqueIdentifier>{dd32f523-72ac-4f40-a4bc-a1d6fabdd9e2}</UniqueIdentifier>
        </Filter>
        <Filter Include="Component\Transform">
            <UniqueIdentifier>{e121ea2d-543b-451d-941c-a95b8923b33f}</UniqueIdentifier>
        </Filter>
        <Filter Include="HUD">
            <UniqueIdentifier>{d2baf9c0-2f64-459f-abdc-b45c3196dfca}</UniqueIdentifier>
        </Filter>
        <Filter Include="Plugin">
            <UniqueIdentifier>{d1f736ae-b57d-4bd9-bff7-525dc2107bee}</UniqueIdentifier>
        </Filter>
        <Filter Include="Renderer">
            <UniqueIdentifier>{fe5aceec-8454-4449-ad40-9214ff482298}</UniqueIdentifier>
        </Filter>
        <Filter Include="Renderer\Impl">
            <UniqueIdentifier>{3f595187-9fa1-40b7-981f-8c3528a6b6a3}</UniqueIdentifier>
        </Filter>
        <Filter Include="Renderer\Impl\Direct3D11">
            <UniqueIdentifier>{c5785273-8520-4505-be2b-9967667b2164}</UniqueIdentifier>
        </Filter>
        <Filter Include="Renderer\Impl\Direct3D12">
            <UniqueIdentifier>{9aa0a496-e1e0-4dd6-8119-eb6f610166f7}</UniqueIdentifier>
        </Filter>
        <Filter Include="Renderer\Impl\GCM">
            <UniqueIdentifier>{c01af674-3dfd-4080-aab2-18ab6bbb43c0}</UniqueIdentifier>
        </Filter>
        <Filter Include="Renderer\Impl\Mantle">
            <UniqueIdentifier>{67ea8c22-dea0-4988-ad69-ad1285d892b6}</UniqueIdentifier>
        </Filter>
        <Filter Include="Renderer\Impl\Metal">
            <UniqueIdentifier>{aaef26d3-60a7-4a1b-abe0-1b27ce18a502}</UniqueIdentifier>
        </Filter>
        <Filter Include="Renderer\Impl\OpenGL">
            <UniqueIdentifier>{522fc1a1-5705-48e3-99cb-5bd8edec2e9c}</UniqueIdentifier>
        </Filter>
        <Filter Include="Renderer\Shader">
            <UniqueIdentifier>{e673c260-024b-489e-bddb-4c0bb6fde2c3}</UniqueIdentifier>
        </Filter>
        <Filter Include="Renderer\Shader\CrossCompiler">
            <UniqueIdentifier>{402f3e38-f4e3-4c7f-aac2-718557f0cd2e}</UniqueIdentifier>
        </Filter>
        <Filter Include="Renderer\Shader\CrossCompiler\Description">
            <UniqueIdentifier>{297b8f31-6283-4163-902a-06e42d0ed99b}</UniqueIdentifier>
        </Filter>
        <Filter Include="Renderer\Shader\CrossCompiler\Generator">
            <UniqueIdentifier>{d4caab13-0b2e-4f26-929a-21deb133b73d}</UniqueIdentifier>
        </Filter>
        <Filter Include="Renderer\Shader\CrossCompiler\Parser">
            <UniqueIdentifier>{4a551024-8c99-47be-9b38-716d1303b665}</UniqueIdentifier>
        </Filter>
        <Filter Include="Resource">
            <UniqueIdentifier>{d56ac405-9bee-431c-a8d1-5266b9c5f09f}</UniqueIdentifier>
        </Filter>
        <Filter Include="Resource\Material">
            <UniqueIdentifier>{ced94f2e-2123-455f-95c6-c85925072b08}</UniqueIdentifier>
        </Filter>
        <Filter Include="Resource\ResourceIdentifier">
            <UniqueIdentifier>{1e368039-1261-4659-b55e-c2c415f050c3}</UniqueIdentifier>
        </Filter>
        <Filter Include="Resource\ResourceLoader">
            <UniqueIdentifier>{e866a33d-027e-415f-9e48-9acb413530bb}</UniqueIdentifier>
        </Filter>
        <Filter Include="Resource\ResourceLoader\FromFile">
            <UniqueIdentifier>{dfca107a-06ec-4c72-b989-da5a84dc179e}</UniqueIdentifier>
        </Filter>
        <Filter Include="Resource\ResourceLoader\FromMemory">
            <UniqueIdentifier>{57a0886c-9fcf-4b88-a109-af93a99b982d}</UniqueIdentifier>
        </Filter>
        <Filter Include="Resource\ResourceLoader\FromPackage">
            <UniqueIdentifier>{4b98547f-0fe7-44da-881b-4efd440d19d6}</UniqueIdentifier>
        </Filter>
        <Filter Include="Resource\ResourceLoader\FromServer">
            <UniqueIdentifier>{1c284425-196f-4e37-88f6-acc472332eb1}</UniqueIdentifier>
        </Filter>
        <Filter Include="Resource\ResourceStreamer">
            <UniqueIdentifier>{1c674b8e-976e-4264-816d-a575f2e2eca3}</UniqueIdentifier>
        </Filter>
        <Filter Include="Resource\ShaderProgram">
            <UniqueIdentifier>{09d664f2-32ea-4498-8c0e-c35cfd1a9a9f}</UniqueIdentifier>
        </Filter>
        <Filter Include="Resource\StaticMesh">
            <UniqueIdentifier>{55503e4d-2817-4afa-a45b-2d05915ebd2e}</UniqueIdentifier>
        </Filter>
        <Filter Include="Resource\Texture2D">
            <UniqueIdentifier>{f5cb491c-ad4b-4e38-9901-4214834137e0}</UniqueIdentifier>
        </Filter>
        <Filter Include="Scene">
            <UniqueIdentifier>{4620de4b-e308-434c-ab5a-ae1a33275f2b}</UniqueIdentifier>
        </Filter>
        <Filter Include="_DLLResources">
            <UniqueIdentifier>{d1c4dcb0-6fdc-4396-b950-28ee7b696cfb}</UniqueIdentifier>
        </Filter>
    </ItemGroup>
    <ItemGroup>
        <None Include="D:\GoddamnEngine\source\GoddamnEngine\Engine\.gdproj.cs" />
        <ClCompile Include="D:\GoddamnEngine\source\GoddamnEngine\Engine\Application\Application.cpp">
            <Filter>Application</Filter>
        </ClCompile>
        <ClInclude Include="D:\GoddamnEngine\source\GoddamnEngine\Engine\Application\Application.h">
            <Filter>Application</Filter>
        </ClInclude>
        <None Include="D:\GoddamnEngine\source\GoddamnEngine\Engine\Application\Application.inl">
            <Filter>Application</Filter>
        </None>
        <ClCompile Include="D:\GoddamnEngine\source\GoddamnEngine\Engine\Component\Component.cpp">
            <Filter>Component</Filter>
        </ClCompile>
        <ClInclude Include="D:\GoddamnEngine\source\GoddamnEngine\Engine\Component\Component.h">
            <Filter>Component</Filter>
        </ClInclude>
        <None Include="D:\GoddamnEngine\source\GoddamnEngine\Engine\Component\Component.inl">
            <Filter>Component</Filter>
        </None>
        <ClInclude Include="D:\GoddamnEngine\source\GoddamnEngine\Engine\Component\MeshRenderer.h">
            <Filter>Component</Filter>
        </ClInclude>
        <ClCompile Include="D:\GoddamnEngine\source\GoddamnEngine\Engine\Component\Camera\Camera.cpp">
            <Filter>Component\Camera</Filter>
        </ClCompile>
        <ClInclude Include="D:\GoddamnEngine\source\GoddamnEngine\Engine\Component\Camera\Camera.h">
            <Filter>Component\Camera</Filter>
        </ClInclude>
        <ClCompile Include="D:\GoddamnEngine\source\GoddamnEngine\Engine\Component\GameObject\GameObject.cpp">
            <Filter>Component\GameObject</Filter>
        </ClCompile>
        <ClInclude Include="D:\GoddamnEngine\source\GoddamnEngine\Engine\Component\GameObject\GameObject.h">
            <Filter>Component\GameObject</Filter>
        </ClInclude>
        <None Include="D:\GoddamnEngine\source\GoddamnEngine\Engine\Component\GameObject\GameObject.inl">
            <Filter>Component\GameObject</Filter>
        </None>
        <ClCompile Include="D:\GoddamnEngine\source\GoddamnEngine\Engine\Component\MeshRenderer\MeshRenderer.cpp">
            <Filter>Component\MeshRenderer</Filter>
        </ClCompile>
        <ClInclude Include="D:\GoddamnEngine\source\GoddamnEngine\Engine\Component\MeshRenderer\MeshRenderer.h">
            <Filter>Component\MeshRenderer</Filter>
        </ClInclude>
        <ClCompile Include="D:\GoddamnEngine\source\GoddamnEngine\Engine\Component\Static\StaticComponent.cpp">
            <Filter>Component\Static</Filter>
        </ClCompile>
        <ClInclude Include="D:\GoddamnEngine\source\GoddamnEngine\Engine\Component\Static\StaticComponent.h">
            <Filter>Component\Static</Filter>
        </ClInclude>
        <ClInclude Include="D:\GoddamnEngine\source\GoddamnEngine\Engine\Component\Static\DeviceConfiguration\DeviceConfiguration.h">
            <Filter>Component\Static\DeviceConfiguration</Filter>
        </ClInclude>
        <ClCompile Include="D:\GoddamnEngine\source\GoddamnEngine\Engine\Component\Static\DeviceConfiguration\DeviceConfiguration_WIN32.cpp">
            <Filter>Component\Static\DeviceConfiguration</Filter>
        </ClCompile>
        <ClCompile Include="D:\GoddamnEngine\source\GoddamnEngine\Engine\Component\Static\Input\Input.cpp">
            <Filter>Component\Static\Input</Filter>
        </ClCompile>
        <ClInclude Include="D:\GoddamnEngine\source\GoddamnEngine\Engine\Component\Static\Input\Input.h">
            <Filter>Component\Static\Input</Filter>
        </ClInclude>
        <ClCompile Include="D:\GoddamnEngine\source\GoddamnEngine\Engine\Component\Static\Input\Input_WIN32_WINAPI.cpp">
            <Filter>Component\Static\Input</Filter>
        </ClCompile>
        <ClCompile Include="D:\GoddamnEngine\source\GoddamnEngine\Engine\Component\Static\Physics\Physics.cpp">
            <Filter>Component\Static\Physics</Filter>
        </ClCompile>
        <ClInclude Include="D:\GoddamnEngine\source\GoddamnEngine\Engine\Component\Static\Physics\Physics.h">
            <Filter>Component\Static\Physics</Filter>
        </ClInclude>
        <None Include="D:\GoddamnEngine\source\GoddamnEngine\Engine\Component\Static\Physics\Physics.inl">
            <Filter>Component\Static\Physics</Filter>
        </None>
        <ClCompile Include="D:\GoddamnEngine\source\GoddamnEngine\Engine\Component\Static\Screen\Screen.cpp">
            <Filter>Component\Static\Screen</Filter>
        </ClCompile>
        <ClInclude Include="D:\GoddamnEngine\source\GoddamnEngine\Engine\Component\Static\Screen\Screen.h">
            <Filter>Component\Static\Screen</Filter>
        </ClInclude>
        <None Include="D:\GoddamnEngine\source\GoddamnEngine\Engine\Component\Static\Screen\Screen.inl">
            <Filter>Component\Static\Screen</Filter>
        </None>
        <ClCompile Include="D:\GoddamnEngine\source\GoddamnEngine\Engine\Component\Transform\Transform.cpp">
            <Filter>Component\Transform</Filter>
        </ClCompile>
        <ClInclude Include="D:\GoddamnEngine\source\GoddamnEngine\Engine\Component\Transform\Transform.h">
            <Filter>Component\Transform</Filter>
        </ClInclude>
        <None Include="D:\GoddamnEngine\source\GoddamnEngine\Engine\Component\Transform\Transform.inl">
            <Filter>Component\Transform</Filter>
        </None>
        <ClCompile Include="D:\GoddamnEngine\source\GoddamnEngine\Engine\HUD\HUD.cpp">
            <Filter>HUD</Filter>
        </ClCompile>
        <ClInclude Include="D:\GoddamnEngine\source\GoddamnEngine\Engine\HUD\HUD.h">
            <Filter>HUD</Filter>
        </ClInclude>
        <ClCompile Include="D:\GoddamnEngine\source\GoddamnEngine\Engine\Plugin\Plugin.cpp">
            <Filter>Plugin</Filter>
        </ClCompile>
        <ClInclude Include="D:\GoddamnEngine\source\GoddamnEngine\Engine\Plugin\Plugin.h">
            <Filter>Plugin</Filter>
        </ClInclude>
        <ClCompile Include="D:\GoddamnEngine\source\GoddamnEngine\Engine\Renderer\Renderer.cpp">
            <Filter>Renderer</Filter>
        </ClCompile>
        <ClInclude Include="D:\GoddamnEngine\source\GoddamnEngine\Engine\Renderer\Renderer.h">
            <Filter>Renderer</Filter>
        </ClInclude>
        <ClInclude Include="D:\GoddamnEngine\source\GoddamnEngine\Engine\Renderer\RendererMethods.h">
            <Filter>Renderer</Filter>
        </ClInclude>
        <ClCompile Include="D:\GoddamnEngine\source\GoddamnEngine\Engine\Renderer\Impl\Direct3D11\D3D11Buffer.cpp">
            <Filter>Renderer\Impl\Direct3D11</Filter>
        </ClCompile>
        <ClInclude Include="D:\GoddamnEngine\source\GoddamnEngine\Engine\Renderer\Impl\Direct3D11\D3D11Buffer.h">
            <Filter>Renderer\Impl\Direct3D11</Filter>
        </ClInclude>
        <ClCompile Include="D:\GoddamnEngine\source\GoddamnEngine\Engine\Renderer\Impl\Direct3D11\D3D11IndexedShape.cpp">
            <Filter>Renderer\Impl\Direct3D11</Filter>
        </ClCompile>
        <ClInclude Include="D:\GoddamnEngine\source\GoddamnEngine\Engine\Renderer\Impl\Direct3D11\D3D11IndexedShape.h">
            <Filter>Renderer\Impl\Direct3D11</Filter>
        </ClInclude>
        <ClCompile Include="D:\GoddamnEngine\source\GoddamnEngine\Engine\Renderer\Impl\Direct3D11\D3D11LinkagePoint.cpp">
            <Filter>Renderer\Impl\Direct3D11</Filter>
        </ClCompile>
        <ClInclude Include="D:\GoddamnEngine\source\GoddamnEngine\Engine\Renderer\Impl\Direct3D11\D3D11LinkagePoint.h">
            <Filter>Renderer\Impl\Direct3D11</Filter>
        </ClInclude>
        <ClCompile Include="D:\GoddamnEngine\source\GoddamnEngine\Engine\Renderer\Impl\Direct3D11\D3D11Renderer.cpp">
            <Filter>Renderer\Impl\Direct3D11</Filter>
        </ClCompile>
        <ClInclude Include="D:\GoddamnEngine\source\GoddamnEngine\Engine\Renderer\Impl\Direct3D11\D3D11Renderer.h">
            <Filter>Renderer\Impl\Direct3D11</Filter>
        </ClInclude>
        <ClCompile Include="D:\GoddamnEngine\source\GoddamnEngine\Engine\Renderer\Impl\Direct3D11\D3D11RenderTarget.cpp">
            <Filter>Renderer\Impl\Direct3D11</Filter>
        </ClCompile>
        <ClInclude Include="D:\GoddamnEngine\source\GoddamnEngine\Engine\Renderer\Impl\Direct3D11\D3D11RenderTarget.h">
            <Filter>Renderer\Impl\Direct3D11</Filter>
        </ClInclude>
        <ClCompile Include="D:\GoddamnEngine\source\GoddamnEngine\Engine\Renderer\Impl\Direct3D11\D3D11Shader.cpp">
            <Filter>Renderer\Impl\Direct3D11</Filter>
        </ClCompile>
        <ClInclude Include="D:\GoddamnEngine\source\GoddamnEngine\Engine\Renderer\Impl\Direct3D11\D3D11Shader.h">
            <Filter>Renderer\Impl\Direct3D11</Filter>
        </ClInclude>
        <ClCompile Include="D:\GoddamnEngine\source\GoddamnEngine\Engine\Renderer\Impl\Direct3D11\D3D11Texture2D.cpp">
            <Filter>Renderer\Impl\Direct3D11</Filter>
        </ClCompile>
        <ClInclude Include="D:\GoddamnEngine\source\GoddamnEngine\Engine\Renderer\Impl\Direct3D11\D3D11Texture2D.h">
            <Filter>Renderer\Impl\Direct3D11</Filter>
        </ClInclude>
        <ClCompile Include="D:\GoddamnEngine\source\GoddamnEngine\Engine\Renderer\Impl\OpenGL\OGLBuffer.cpp">
            <Filter>Renderer\Impl\OpenGL</Filter>
        </ClCompile>
        <ClInclude Include="D:\GoddamnEngine\source\GoddamnEngine\Engine\Renderer\Impl\OpenGL\OGLBuffer.h">
            <Filter>Renderer\Impl\OpenGL</Filter>
        </ClInclude>
        <ClCompile Include="D:\GoddamnEngine\source\GoddamnEngine\Engine\Renderer\Impl\OpenGL\OGLRenderer.cpp">
            <Filter>Renderer\Impl\OpenGL</Filter>
        </ClCompile>
        <ClInclude Include="D:\GoddamnEngine\source\GoddamnEngine\Engine\Renderer\Impl\OpenGL\OGLRenderer.h">
            <Filter>Renderer\Impl\OpenGL</Filter>
        </ClInclude>
        <ClInclude Include="D:\GoddamnEngine\source\GoddamnEngine\Engine\Renderer\Impl\OpenGL\OGLRendererDefines.h">
            <Filter>Renderer\Impl\OpenGL</Filter>
        </ClInclude>
        <ClInclude Include="D:\GoddamnEngine\source\GoddamnEngine\Engine\Renderer\Impl\OpenGL\OGLRendererMethods.h">
            <Filter>Renderer\Impl\OpenGL</Filter>
        </ClInclude>
        <ClCompile Include="D:\GoddamnEngine\source\GoddamnEngine\Engine\Renderer\Shader\Shader.cpp">
            <Filter>Renderer\Shader</Filter>
        </ClCompile>
        <ClInclude Include="D:\GoddamnEngine\source\GoddamnEngine\Engine\Renderer\Shader\Shader.h">
            <Filter>Renderer\Shader</Filter>
        </ClInclude>
        <None Include="D:\GoddamnEngine\source\GoddamnEngine\Engine\Renderer\Shader\Shader.inl">
            <Filter>Renderer\Shader</Filter>
        </None>
        <ClCompile Include="D:\GoddamnEngine\source\GoddamnEngine\Engine\Renderer\Shader\CrossCompiler\CrossCompiler.cpp">
            <Filter>Renderer\Shader\CrossCompiler</Filter>
        </ClCompile>
        <ClInclude Include="D:\GoddamnEngine\source\GoddamnEngine\Engine\Renderer\Shader\CrossCompiler\CrossCompiler.h">
            <Filter>Renderer\Shader\CrossCompiler</Filter>
        </ClInclude>
        <None Include="D:\GoddamnEngine\source\GoddamnEngine\Engine\Renderer\Shader\CrossCompiler\CrossCompiler.inl">
            <Filter>Renderer\Shader\CrossCompiler</Filter>
        </None>
        <ClCompile Include="D:\GoddamnEngine\source\GoddamnEngine\Engine\Renderer\Shader\CrossCompiler\Description\Description.cpp">
            <Filter>Renderer\Shader\CrossCompiler\Description</Filter>
        </ClCompile>
        <ClInclude Include="D:\GoddamnEngine\source\GoddamnEngine\Engine\Renderer\Shader\CrossCompiler\Description\Description.h">
            <Filter>Renderer\Shader\CrossCompiler\Description</Filter>
        </ClInclude>
        <None Include="D:\GoddamnEngine\source\GoddamnEngine\Engine\Renderer\Shader\CrossCompiler\Description\Description.inl">
            <Filter>Renderer\Shader\CrossCompiler\Description</Filter>
        </None>
        <ClCompile Include="D:\GoddamnEngine\source\GoddamnEngine\Engine\Renderer\Shader\CrossCompiler\Generator\Generator.cpp">
            <Filter>Renderer\Shader\CrossCompiler\Generator</Filter>
        </ClCompile>
        <ClInclude Include="D:\GoddamnEngine\source\GoddamnEngine\Engine\Renderer\Shader\CrossCompiler\Generator\Generator.h">
            <Filter>Renderer\Shader\CrossCompiler\Generator</Filter>
        </ClInclude>
        <None Include="D:\GoddamnEngine\source\GoddamnEngine\Engine\Renderer\Shader\CrossCompiler\Generator\Generator.inl">
            <Filter>Renderer\Shader\CrossCompiler\Generator</Filter>
        </None>
        <ClCompile Include="D:\GoddamnEngine\source\GoddamnEngine\Engine\Renderer\Shader\CrossCompiler\Parser\Parser.cpp">
            <Filter>Renderer\Shader\CrossCompiler\Parser</Filter>
        </ClCompile>
        <ClInclude Include="D:\GoddamnEngine\source\GoddamnEngine\Engine\Renderer\Shader\CrossCompiler\Parser\Parser.h">
            <Filter>Renderer\Shader\CrossCompiler\Parser</Filter>
        </ClInclude>
        <None Include="D:\GoddamnEngine\source\GoddamnEngine\Engine\Renderer\Shader\CrossCompiler\Parser\Parser.inl">
            <Filter>Renderer\Shader\CrossCompiler\Parser</Filter>
        </None>
        <ClCompile Include="D:\GoddamnEngine\source\GoddamnEngine\Engine\Resource\Resource.cpp">
            <Filter>Resource</Filter>
        </ClCompile>
        <ClInclude Include="D:\GoddamnEngine\source\GoddamnEngine\Engine\Resource\Resource.h">
            <Filter>Resource</Filter>
        </ClInclude>
        <None Include="D:\GoddamnEngine\source\GoddamnEngine\Engine\Resource\Resource.inl">
            <Filter>Resource</Filter>
        </None>
        <ClCompile Include="D:\GoddamnEngine\source\GoddamnEngine\Engine\Resource\Material\Material.cpp">
            <Filter>Resource\Material</Filter>
        </ClCompile>
        <ClInclude Include="D:\GoddamnEngine\source\GoddamnEngine\Engine\Resource\Material\Material.h">
            <Filter>Resource\Material</Filter>
        </ClInclude>
        <ClCompile Include="D:\GoddamnEngine\source\GoddamnEngine\Engine\Resource\ResourceIdentifier\ResourceIdentifier.cpp">
            <Filter>Resource\ResourceIdentifier</Filter>
        </ClCompile>
        <ClInclude Include="D:\GoddamnEngine\source\GoddamnEngine\Engine\Resource\ResourceIdentifier\ResourceIdentifier.h">
            <Filter>Resource\ResourceIdentifier</Filter>
        </ClInclude>
        <None Include="D:\GoddamnEngine\source\GoddamnEngine\Engine\Resource\ResourceIdentifier\ResourceIdentifier.inl">
            <Filter>Resource\ResourceIdentifier</Filter>
        </None>
        <ClInclude Include="D:\GoddamnEngine\source\GoddamnEngine\Engine\Resource\ResourceLoader\ResourceLoader.h">
            <Filter>Resource\ResourceLoader</Filter>
        </ClInclude>
        <None Include="D:\GoddamnEngine\source\GoddamnEngine\Engine\Resource\ResourceLoader\ResourceLoader.inl">
            <Filter>Resource\ResourceLoader</Filter>
        </None>
        <ClInclude Include="D:\GoddamnEngine\source\GoddamnEngine\Engine\Resource\ResourceLoader\FromFile\ResourceLoaderFromFile.h">
            <Filter>Resource\ResourceLoader\FromFile</Filter>
        </ClInclude>
        <None Include="D:\GoddamnEngine\source\GoddamnEngine\Engine\Resource\ResourceLoader\FromFile\ResourceLoaderFromFile.inl">
            <Filter>Resource\ResourceLoader\FromFile</Filter>
        </None>
        <ClCompile Include="D:\GoddamnEngine\source\GoddamnEngine\Engine\Resource\ResourceLoader\FromFile\ResourceLoaderFromFile_STD.cpp">
            <Filter>Resource\ResourceLoader\FromFile</Filter>
        </ClCompile>
        <ClCompile Include="D:\GoddamnEngine\source\GoddamnEngine\Engine\Resource\ResourceLoader\FromMemory\ResourceLoaderFromMemory.cpp">
            <Filter>Resource\ResourceLoader\FromMemory</Filter>
        </ClCompile>
        <ClInclude Include="D:\GoddamnEngine\source\GoddamnEngine\Engine\Resource\ResourceLoader\FromMemory\ResourceLoaderFromMemory.h">
            <Filter>Resource\ResourceLoader\FromMemory</Filter>
        </ClInclude>
        <None Include="D:\GoddamnEngine\source\GoddamnEngine\Engine\Resource\ResourceLoader\FromMemory\ResourceLoaderFromMemory.inl">
            <Filter>Resource\ResourceLoader\FromMemory</Filter>
        </None>
        <ClCompile Include="D:\GoddamnEngine\source\GoddamnEngine\Engine\Resource\ResourceLoader\FromPackage\ResourceLoaderFromPackage.cpp">
            <Filter>Resource\ResourceLoader\FromPackage</Filter>
        </ClCompile>
        <ClInclude Include="D:\GoddamnEngine\source\GoddamnEngine\Engine\Resource\ResourceLoader\FromPackage\ResourceLoaderFromPackage.h">
            <Filter>Resource\ResourceLoader\FromPackage</Filter>
        </ClInclude>
        <None Include="D:\GoddamnEngine\source\GoddamnEngine\Engine\Resource\ResourceLoader\FromPackage\ResourceLoaderFromPackage.inl">
            <Filter>Resource\ResourceLoader\FromPackage</Filter>
        </None>
        <ClCompile Include="D:\GoddamnEngine\source\GoddamnEngine\Engine\Resource\ResourceLoader\FromServer\ResourceLoaderFromServer.cpp">
            <Filter>Resource\ResourceLoader\FromServer</Filter>
        </ClCompile>
        <ClInclude Include="D:\GoddamnEngine\source\GoddamnEngine\Engine\Resource\ResourceLoader\FromServer\ResourceLoaderFromServer.h">
            <Filter>Resource\ResourceLoader\FromServer</Filter>
        </ClInclude>
        <None Include="D:\GoddamnEngine\source\GoddamnEngine\Engine\Resource\ResourceLoader\FromServer\ResourceLoaderFromServer.inl">
            <Filter>Resource\ResourceLoader\FromServer</Filter>
        </None>
        <ClCompile Include="D:\GoddamnEngine\source\GoddamnEngine\Engine\Resource\ResourceStreamer\ResourceStreamer.cpp">
            <Filter>Resource\ResourceStreamer</Filter>
        </ClCompile>
        <ClInclude Include="D:\GoddamnEngine\source\GoddamnEngine\Engine\Resource\ResourceStreamer\ResourceStreamer.h">
            <Filter>Resource\ResourceStreamer</Filter>
        </ClInclude>
        <None Include="D:\GoddamnEngine\source\GoddamnEngine\Engine\Resource\ResourceStreamer\ResourceStreamer.inl">
            <Filter>Resource\ResourceStreamer</Filter>
        </None>
        <ClCompile Include="D:\GoddamnEngine\source\GoddamnEngine\Engine\Resource\ShaderProgram\ShaderProgramResource.cpp">
            <Filter>Resource\ShaderProgram</Filter>
        </ClCompile>
        <ClInclude Include="D:\GoddamnEngine\source\GoddamnEngine\Engine\Resource\ShaderProgram\ShaderProgramResource.h">
            <Filter>Resource\ShaderProgram</Filter>
        </ClInclude>
        <ClCompile Include="D:\GoddamnEngine\source\GoddamnEngine\Engine\Resource\StaticMesh\StaticMesh.cpp">
            <Filter>Resource\StaticMesh</Filter>
        </ClCompile>
        <ClInclude Include="D:\GoddamnEngine\source\GoddamnEngine\Engine\Resource\StaticMesh\StaticMesh.h">
            <Filter>Resource\StaticMesh</Filter>
        </ClInclude>
        <None Include="D:\GoddamnEngine\source\GoddamnEngine\Engine\Resource\StaticMesh\StaticMesh.inl">
            <Filter>Resource\StaticMesh</Filter>
        </None>
        <ClCompile Include="D:\GoddamnEngine\source\GoddamnEngine\Engine\Resource\Texture2D\Texture2DResource.cpp">
            <Filter>Resource\Texture2D</Filter>
        </ClCompile>
        <ClInclude Include="D:\GoddamnEngine\source\GoddamnEngine\Engine\Resource\Texture2D\Texture2DResource.h">
            <Filter>Resource\Texture2D</Filter>
        </ClInclude>
        <ClCompile Include="D:\GoddamnEngine\source\GoddamnEngine\Engine\Scene\Scene.cpp">
            <Filter>Scene</Filter>
        </ClCompile>
        <ClInclude Include="D:\GoddamnEngine\source\GoddamnEngine\Engine\Scene\Scene.h">
            <Filter>Scene</Filter>
        </ClInclude>
        <None Include="D:\GoddamnEngine\source\GoddamnEngine\Engine\Scene\Scene.inl">
            <Filter>Scene</Filter>
        </None>
        <ResourceCompile Include="D:\GoddamnEngine\source\GoddamnEngine\Engine\_DLLResources\IncredibleEngine.rc">
            <Filter>_DLLResources</Filter>
        </ResourceCompile>
        <ClInclude Include="D:\GoddamnEngine\source\GoddamnEngine\Engine\_DLLResources\resource.h">
            <Filter>_DLLResources</Filter>
        </ClInclude>
    </ItemGroup>
</Project>