<?xml version="1.0"?>
<!--
##########################################################################
# *.vcxproj/sln: Some Visual Studio project/solution file part.
# Copyright (C) $(GODDAMN_DEV) 2011 - Present. All Rights Reserved.
#
# This file was automatically generated by GoddamnBuildSystem. 
# Please, do not edit it manually.
##########################################################################
-->
<Project ToolsVersion="4.0" xmlns="http://schemas.microsoft.com/developer/msbuild/2003">
    <ItemGroup>
        <Filter Include="Application">
            <UniqueIdentifier>{117259b9-5ddf-4763-ae55-15a8b14f66a0}</UniqueIdentifier>
        </Filter>
        <Filter Include="Component">
            <UniqueIdentifier>{fceed4a0-18b4-484f-95a7-251c986222f9}</UniqueIdentifier>
        </Filter>
        <Filter Include="Component\Camera">
            <UniqueIdentifier>{f9e2d73f-4bc9-48f1-97d1-8fd10e68d361}</UniqueIdentifier>
        </Filter>
        <Filter Include="Component\GameObject">
            <UniqueIdentifier>{9ff7a0b2-0fd6-4423-bbf7-62d42c4b4866}</UniqueIdentifier>
        </Filter>
        <Filter Include="Component\MeshRenderer">
            <UniqueIdentifier>{a4485be8-52f7-475f-9488-372de02aa862}</UniqueIdentifier>
        </Filter>
        <Filter Include="Component\Rigidbody">
            <UniqueIdentifier>{a802c018-2c85-42e8-902d-b05868a5afd5}</UniqueIdentifier>
        </Filter>
        <Filter Include="Component\Static">
            <UniqueIdentifier>{21e7e698-fcae-4ea3-a81f-0c3b2a0dcd7b}</UniqueIdentifier>
        </Filter>
        <Filter Include="Component\Static\DeviceConfiguration">
            <UniqueIdentifier>{9d6b8c8c-ebac-4b92-8034-6b4e0600344c}</UniqueIdentifier>
        </Filter>
        <Filter Include="Component\Static\Input">
            <UniqueIdentifier>{3d25571b-49c5-49fb-ab13-cf85defc6ecc}</UniqueIdentifier>
        </Filter>
        <Filter Include="Component\Static\Physics">
            <UniqueIdentifier>{e8688510-2924-4a79-b6c9-8c2c642d1c96}</UniqueIdentifier>
        </Filter>
        <Filter Include="Component\Static\Screen">
            <UniqueIdentifier>{4f02af57-567d-49f7-82ce-8a2580f77d55}</UniqueIdentifier>
        </Filter>
        <Filter Include="Component\Transform">
            <UniqueIdentifier>{5894956e-4957-41ff-a262-b1f0d4fa2cb8}</UniqueIdentifier>
        </Filter>
        <Filter Include="HUD">
            <UniqueIdentifier>{3fcc680a-0517-4aad-bbbd-babba981fd43}</UniqueIdentifier>
        </Filter>
        <Filter Include="Plugin">
            <UniqueIdentifier>{9cfb36a6-892d-4a82-8024-ab9218125eb3}</UniqueIdentifier>
        </Filter>
        <Filter Include="Renderer">
            <UniqueIdentifier>{ed2dc356-dcb6-42a2-9756-a9b23bd16d2b}</UniqueIdentifier>
        </Filter>
        <Filter Include="Renderer\Impl">
            <UniqueIdentifier>{5e7b0b5f-0810-4e87-8625-95a564f9a4bb}</UniqueIdentifier>
        </Filter>
        <Filter Include="Renderer\Impl\Direct3D11">
            <UniqueIdentifier>{5be3e663-1412-4825-9a2f-d2f0a86a663d}</UniqueIdentifier>
        </Filter>
        <Filter Include="Renderer\Impl\Direct3D12">
            <UniqueIdentifier>{9be3af2f-3351-43c4-ae41-264d8bded562}</UniqueIdentifier>
        </Filter>
        <Filter Include="Renderer\Impl\GCM">
            <UniqueIdentifier>{6afe09b0-f24c-475a-95f6-b3d944756e64}</UniqueIdentifier>
        </Filter>
        <Filter Include="Renderer\Impl\Mantle">
            <UniqueIdentifier>{7b203b00-247d-4317-93bb-99a859c4c3f6}</UniqueIdentifier>
        </Filter>
        <Filter Include="Renderer\Impl\Metal">
            <UniqueIdentifier>{604ffddb-3471-43ed-ac5a-dc8fc6837bf5}</UniqueIdentifier>
        </Filter>
        <Filter Include="Renderer\Impl\OpenGL">
            <UniqueIdentifier>{48d108dd-fa37-4bda-8d79-f2cce6ed3f72}</UniqueIdentifier>
        </Filter>
        <Filter Include="Renderer\Shader">
            <UniqueIdentifier>{d070fbc3-63ed-4a5f-bcbd-d4792608ef45}</UniqueIdentifier>
        </Filter>
        <Filter Include="Renderer\Shader\CrossCompiler">
            <UniqueIdentifier>{6fb78ea0-1b47-41d0-ab30-8029c43f5588}</UniqueIdentifier>
        </Filter>
        <Filter Include="Renderer\Shader\CrossCompiler\Description">
            <UniqueIdentifier>{684acac4-b709-4f11-a56d-0741c1a86374}</UniqueIdentifier>
        </Filter>
        <Filter Include="Renderer\Shader\CrossCompiler\Generator">
            <UniqueIdentifier>{fbf3c2ab-46eb-4862-9dfd-3c3f972d2fb5}</UniqueIdentifier>
        </Filter>
        <Filter Include="Renderer\Shader\CrossCompiler\Parser">
            <UniqueIdentifier>{20ac44bc-ef09-44c4-9105-5174a7241cee}</UniqueIdentifier>
        </Filter>
        <Filter Include="Resource">
            <UniqueIdentifier>{943f8dc9-c9ad-4e88-8cd9-a96e594d27cd}</UniqueIdentifier>
        </Filter>
        <Filter Include="Resource\Material">
            <UniqueIdentifier>{fc3286ce-2c4a-4685-a967-9042e0616109}</UniqueIdentifier>
        </Filter>
        <Filter Include="Resource\ResourceIdentifier">
            <UniqueIdentifier>{1a365b87-2a17-4790-8231-21c7e41be2da}</UniqueIdentifier>
        </Filter>
        <Filter Include="Resource\ResourceLoader">
            <UniqueIdentifier>{4fd28202-af5e-4a44-a4b7-264f2e11ed76}</UniqueIdentifier>
        </Filter>
        <Filter Include="Resource\ResourceLoader\FromFile">
            <UniqueIdentifier>{80b95a8d-8070-44be-91b8-849891ec6cf2}</UniqueIdentifier>
        </Filter>
        <Filter Include="Resource\ResourceLoader\FromMemory">
            <UniqueIdentifier>{692d37ba-3111-4351-8460-f5ec1c929653}</UniqueIdentifier>
        </Filter>
        <Filter Include="Resource\ResourceLoader\FromPackage">
            <UniqueIdentifier>{bec94b08-3415-4bb1-9e94-a2c3ab310434}</UniqueIdentifier>
        </Filter>
        <Filter Include="Resource\ResourceLoader\FromServer">
            <UniqueIdentifier>{e7626dc3-9058-47dc-a073-3075e5c63bd9}</UniqueIdentifier>
        </Filter>
        <Filter Include="Resource\ResourceStreamer">
            <UniqueIdentifier>{0550081e-1739-4bea-9d3e-d46d40898bff}</UniqueIdentifier>
        </Filter>
        <Filter Include="Resource\ShaderProgram">
            <UniqueIdentifier>{02255ff8-79d5-4f2d-b1f3-b096273642d1}</UniqueIdentifier>
        </Filter>
        <Filter Include="Resource\StaticMesh">
            <UniqueIdentifier>{0a55d51c-5135-447a-b891-4a2bf4d6ddd4}</UniqueIdentifier>
        </Filter>
        <Filter Include="Resource\Texture2D">
            <UniqueIdentifier>{ae132fb5-125c-4e7e-9740-377f105ece0e}</UniqueIdentifier>
        </Filter>
        <Filter Include="Scene">
            <UniqueIdentifier>{289d1de8-e945-4364-921d-26c1c6504e4c}</UniqueIdentifier>
        </Filter>
        <Filter Include="_DLLResources">
            <UniqueIdentifier>{8532c51a-a7f9-4502-b744-2fd5191cb36b}</UniqueIdentifier>
        </Filter>
    </ItemGroup>
    <ItemGroup>
        <None Include="D:\GoddamnEngine\source\GoddamnEngine\Engine\.gdproj.cs" />
        <ClCompile Include="D:\GoddamnEngine\source\GoddamnEngine\Engine\Application\Application.cpp">
            <Filter>Application</Filter>
        </ClCompile>
        <ClInclude Include="D:\GoddamnEngine\source\GoddamnEngine\Engine\Application\Application.h">
            <Filter>Application</Filter>
        </ClInclude>
        <None Include="D:\GoddamnEngine\source\GoddamnEngine\Engine\Application\Application.inl">
            <Filter>Application</Filter>
        </None>
        <ClCompile Include="D:\GoddamnEngine\source\GoddamnEngine\Engine\Component\Component.cpp">
            <Filter>Component</Filter>
        </ClCompile>
        <ClInclude Include="D:\GoddamnEngine\source\GoddamnEngine\Engine\Component\Component.h">
            <Filter>Component</Filter>
        </ClInclude>
        <None Include="D:\GoddamnEngine\source\GoddamnEngine\Engine\Component\Component.inl">
            <Filter>Component</Filter>
        </None>
        <ClInclude Include="D:\GoddamnEngine\source\GoddamnEngine\Engine\Component\MeshRenderer.h">
            <Filter>Component</Filter>
        </ClInclude>
        <ClCompile Include="D:\GoddamnEngine\source\GoddamnEngine\Engine\Component\Camera\Camera.cpp">
            <Filter>Component\Camera</Filter>
        </ClCompile>
        <ClInclude Include="D:\GoddamnEngine\source\GoddamnEngine\Engine\Component\Camera\Camera.h">
            <Filter>Component\Camera</Filter>
        </ClInclude>
        <ClCompile Include="D:\GoddamnEngine\source\GoddamnEngine\Engine\Component\GameObject\GameObject.cpp">
            <Filter>Component\GameObject</Filter>
        </ClCompile>
        <ClInclude Include="D:\GoddamnEngine\source\GoddamnEngine\Engine\Component\GameObject\GameObject.h">
            <Filter>Component\GameObject</Filter>
        </ClInclude>
        <None Include="D:\GoddamnEngine\source\GoddamnEngine\Engine\Component\GameObject\GameObject.inl">
            <Filter>Component\GameObject</Filter>
        </None>
        <ClCompile Include="D:\GoddamnEngine\source\GoddamnEngine\Engine\Component\MeshRenderer\MeshRenderer.cpp">
            <Filter>Component\MeshRenderer</Filter>
        </ClCompile>
        <ClInclude Include="D:\GoddamnEngine\source\GoddamnEngine\Engine\Component\MeshRenderer\MeshRenderer.h">
            <Filter>Component\MeshRenderer</Filter>
        </ClInclude>
        <ClCompile Include="D:\GoddamnEngine\source\GoddamnEngine\Engine\Component\Static\StaticComponent.cpp">
            <Filter>Component\Static</Filter>
        </ClCompile>
        <ClInclude Include="D:\GoddamnEngine\source\GoddamnEngine\Engine\Component\Static\StaticComponent.h">
            <Filter>Component\Static</Filter>
        </ClInclude>
        <ClInclude Include="D:\GoddamnEngine\source\GoddamnEngine\Engine\Component\Static\DeviceConfiguration\DeviceConfiguration.h">
            <Filter>Component\Static\DeviceConfiguration</Filter>
        </ClInclude>
        <ClCompile Include="D:\GoddamnEngine\source\GoddamnEngine\Engine\Component\Static\DeviceConfiguration\DeviceConfiguration_WIN32.cpp">
            <Filter>Component\Static\DeviceConfiguration</Filter>
        </ClCompile>
        <ClCompile Include="D:\GoddamnEngine\source\GoddamnEngine\Engine\Component\Static\Input\Input.cpp">
            <Filter>Component\Static\Input</Filter>
        </ClCompile>
        <ClInclude Include="D:\GoddamnEngine\source\GoddamnEngine\Engine\Component\Static\Input\Input.h">
            <Filter>Component\Static\Input</Filter>
        </ClInclude>
        <ClCompile Include="D:\GoddamnEngine\source\GoddamnEngine\Engine\Component\Static\Input\Input_WIN32_WINAPI.cpp">
            <Filter>Component\Static\Input</Filter>
        </ClCompile>
        <ClCompile Include="D:\GoddamnEngine\source\GoddamnEngine\Engine\Component\Static\Physics\Physics.cpp">
            <Filter>Component\Static\Physics</Filter>
        </ClCompile>
        <ClInclude Include="D:\GoddamnEngine\source\GoddamnEngine\Engine\Component\Static\Physics\Physics.h">
            <Filter>Component\Static\Physics</Filter>
        </ClInclude>
        <None Include="D:\GoddamnEngine\source\GoddamnEngine\Engine\Component\Static\Physics\Physics.inl">
            <Filter>Component\Static\Physics</Filter>
        </None>
        <ClCompile Include="D:\GoddamnEngine\source\GoddamnEngine\Engine\Component\Static\Screen\Screen.cpp">
            <Filter>Component\Static\Screen</Filter>
        </ClCompile>
        <ClInclude Include="D:\GoddamnEngine\source\GoddamnEngine\Engine\Component\Static\Screen\Screen.h">
            <Filter>Component\Static\Screen</Filter>
        </ClInclude>
        <None Include="D:\GoddamnEngine\source\GoddamnEngine\Engine\Component\Static\Screen\Screen.inl">
            <Filter>Component\Static\Screen</Filter>
        </None>
        <ClCompile Include="D:\GoddamnEngine\source\GoddamnEngine\Engine\Component\Transform\Transform.cpp">
            <Filter>Component\Transform</Filter>
        </ClCompile>
        <ClInclude Include="D:\GoddamnEngine\source\GoddamnEngine\Engine\Component\Transform\Transform.h">
            <Filter>Component\Transform</Filter>
        </ClInclude>
        <None Include="D:\GoddamnEngine\source\GoddamnEngine\Engine\Component\Transform\Transform.inl">
            <Filter>Component\Transform</Filter>
        </None>
        <ClCompile Include="D:\GoddamnEngine\source\GoddamnEngine\Engine\HUD\HUD.cpp">
            <Filter>HUD</Filter>
        </ClCompile>
        <ClInclude Include="D:\GoddamnEngine\source\GoddamnEngine\Engine\HUD\HUD.h">
            <Filter>HUD</Filter>
        </ClInclude>
        <ClCompile Include="D:\GoddamnEngine\source\GoddamnEngine\Engine\Plugin\Plugin.cpp">
            <Filter>Plugin</Filter>
        </ClCompile>
        <ClInclude Include="D:\GoddamnEngine\source\GoddamnEngine\Engine\Plugin\Plugin.h">
            <Filter>Plugin</Filter>
        </ClInclude>
        <ClCompile Include="D:\GoddamnEngine\source\GoddamnEngine\Engine\Renderer\Renderer.cpp">
            <Filter>Renderer</Filter>
        </ClCompile>
        <ClInclude Include="D:\GoddamnEngine\source\GoddamnEngine\Engine\Renderer\Renderer.h">
            <Filter>Renderer</Filter>
        </ClInclude>
        <ClInclude Include="D:\GoddamnEngine\source\GoddamnEngine\Engine\Renderer\RendererMethods.h">
            <Filter>Renderer</Filter>
        </ClInclude>
        <ClCompile Include="D:\GoddamnEngine\source\GoddamnEngine\Engine\Renderer\Impl\Direct3D11\D3D11Buffer.cpp">
            <Filter>Renderer\Impl\Direct3D11</Filter>
        </ClCompile>
        <ClInclude Include="D:\GoddamnEngine\source\GoddamnEngine\Engine\Renderer\Impl\Direct3D11\D3D11Buffer.h">
            <Filter>Renderer\Impl\Direct3D11</Filter>
        </ClInclude>
        <ClCompile Include="D:\GoddamnEngine\source\GoddamnEngine\Engine\Renderer\Impl\Direct3D11\D3D11IndexedShape.cpp">
            <Filter>Renderer\Impl\Direct3D11</Filter>
        </ClCompile>
        <ClInclude Include="D:\GoddamnEngine\source\GoddamnEngine\Engine\Renderer\Impl\Direct3D11\D3D11IndexedShape.h">
            <Filter>Renderer\Impl\Direct3D11</Filter>
        </ClInclude>
        <ClCompile Include="D:\GoddamnEngine\source\GoddamnEngine\Engine\Renderer\Impl\Direct3D11\D3D11LinkagePoint.cpp">
            <Filter>Renderer\Impl\Direct3D11</Filter>
        </ClCompile>
        <ClInclude Include="D:\GoddamnEngine\source\GoddamnEngine\Engine\Renderer\Impl\Direct3D11\D3D11LinkagePoint.h">
            <Filter>Renderer\Impl\Direct3D11</Filter>
        </ClInclude>
        <ClCompile Include="D:\GoddamnEngine\source\GoddamnEngine\Engine\Renderer\Impl\Direct3D11\D3D11Renderer.cpp">
            <Filter>Renderer\Impl\Direct3D11</Filter>
        </ClCompile>
        <ClInclude Include="D:\GoddamnEngine\source\GoddamnEngine\Engine\Renderer\Impl\Direct3D11\D3D11Renderer.h">
            <Filter>Renderer\Impl\Direct3D11</Filter>
        </ClInclude>
        <ClCompile Include="D:\GoddamnEngine\source\GoddamnEngine\Engine\Renderer\Impl\Direct3D11\D3D11RenderTarget.cpp">
            <Filter>Renderer\Impl\Direct3D11</Filter>
        </ClCompile>
        <ClInclude Include="D:\GoddamnEngine\source\GoddamnEngine\Engine\Renderer\Impl\Direct3D11\D3D11RenderTarget.h">
            <Filter>Renderer\Impl\Direct3D11</Filter>
        </ClInclude>
        <ClCompile Include="D:\GoddamnEngine\source\GoddamnEngine\Engine\Renderer\Impl\Direct3D11\D3D11Shader.cpp">
            <Filter>Renderer\Impl\Direct3D11</Filter>
        </ClCompile>
        <ClInclude Include="D:\GoddamnEngine\source\GoddamnEngine\Engine\Renderer\Impl\Direct3D11\D3D11Shader.h">
            <Filter>Renderer\Impl\Direct3D11</Filter>
        </ClInclude>
        <ClCompile Include="D:\GoddamnEngine\source\GoddamnEngine\Engine\Renderer\Impl\Direct3D11\D3D11Texture2D.cpp">
            <Filter>Renderer\Impl\Direct3D11</Filter>
        </ClCompile>
        <ClInclude Include="D:\GoddamnEngine\source\GoddamnEngine\Engine\Renderer\Impl\Direct3D11\D3D11Texture2D.h">
            <Filter>Renderer\Impl\Direct3D11</Filter>
        </ClInclude>
        <ClCompile Include="D:\GoddamnEngine\source\GoddamnEngine\Engine\Renderer\Impl\OpenGL\OGLBuffer.cpp">
            <Filter>Renderer\Impl\OpenGL</Filter>
        </ClCompile>
        <ClInclude Include="D:\GoddamnEngine\source\GoddamnEngine\Engine\Renderer\Impl\OpenGL\OGLBuffer.h">
            <Filter>Renderer\Impl\OpenGL</Filter>
        </ClInclude>
        <ClCompile Include="D:\GoddamnEngine\source\GoddamnEngine\Engine\Renderer\Impl\OpenGL\OGLRenderer.cpp">
            <Filter>Renderer\Impl\OpenGL</Filter>
        </ClCompile>
        <ClInclude Include="D:\GoddamnEngine\source\GoddamnEngine\Engine\Renderer\Impl\OpenGL\OGLRenderer.h">
            <Filter>Renderer\Impl\OpenGL</Filter>
        </ClInclude>
        <ClInclude Include="D:\GoddamnEngine\source\GoddamnEngine\Engine\Renderer\Impl\OpenGL\OGLRendererDefines.h">
            <Filter>Renderer\Impl\OpenGL</Filter>
        </ClInclude>
        <ClInclude Include="D:\GoddamnEngine\source\GoddamnEngine\Engine\Renderer\Impl\OpenGL\OGLRendererMethods.h">
            <Filter>Renderer\Impl\OpenGL</Filter>
        </ClInclude>
        <ClCompile Include="D:\GoddamnEngine\source\GoddamnEngine\Engine\Renderer\Shader\Shader.cpp">
            <Filter>Renderer\Shader</Filter>
        </ClCompile>
        <ClInclude Include="D:\GoddamnEngine\source\GoddamnEngine\Engine\Renderer\Shader\Shader.h">
            <Filter>Renderer\Shader</Filter>
        </ClInclude>
        <None Include="D:\GoddamnEngine\source\GoddamnEngine\Engine\Renderer\Shader\Shader.inl">
            <Filter>Renderer\Shader</Filter>
        </None>
        <ClCompile Include="D:\GoddamnEngine\source\GoddamnEngine\Engine\Renderer\Shader\CrossCompiler\CrossCompiler.cpp">
            <Filter>Renderer\Shader\CrossCompiler</Filter>
        </ClCompile>
        <ClInclude Include="D:\GoddamnEngine\source\GoddamnEngine\Engine\Renderer\Shader\CrossCompiler\CrossCompiler.h">
            <Filter>Renderer\Shader\CrossCompiler</Filter>
        </ClInclude>
        <None Include="D:\GoddamnEngine\source\GoddamnEngine\Engine\Renderer\Shader\CrossCompiler\CrossCompiler.inl">
            <Filter>Renderer\Shader\CrossCompiler</Filter>
        </None>
        <ClCompile Include="D:\GoddamnEngine\source\GoddamnEngine\Engine\Renderer\Shader\CrossCompiler\Description\Description.cpp">
            <Filter>Renderer\Shader\CrossCompiler\Description</Filter>
        </ClCompile>
        <ClInclude Include="D:\GoddamnEngine\source\GoddamnEngine\Engine\Renderer\Shader\CrossCompiler\Description\Description.h">
            <Filter>Renderer\Shader\CrossCompiler\Description</Filter>
        </ClInclude>
        <None Include="D:\GoddamnEngine\source\GoddamnEngine\Engine\Renderer\Shader\CrossCompiler\Description\Description.inl">
            <Filter>Renderer\Shader\CrossCompiler\Description</Filter>
        </None>
        <ClCompile Include="D:\GoddamnEngine\source\GoddamnEngine\Engine\Renderer\Shader\CrossCompiler\Generator\Generator.cpp">
            <Filter>Renderer\Shader\CrossCompiler\Generator</Filter>
        </ClCompile>
        <ClInclude Include="D:\GoddamnEngine\source\GoddamnEngine\Engine\Renderer\Shader\CrossCompiler\Generator\Generator.h">
            <Filter>Renderer\Shader\CrossCompiler\Generator</Filter>
        </ClInclude>
        <None Include="D:\GoddamnEngine\source\GoddamnEngine\Engine\Renderer\Shader\CrossCompiler\Generator\Generator.inl">
            <Filter>Renderer\Shader\CrossCompiler\Generator</Filter>
        </None>
        <ClCompile Include="D:\GoddamnEngine\source\GoddamnEngine\Engine\Renderer\Shader\CrossCompiler\Parser\Parser.cpp">
            <Filter>Renderer\Shader\CrossCompiler\Parser</Filter>
        </ClCompile>
        <ClInclude Include="D:\GoddamnEngine\source\GoddamnEngine\Engine\Renderer\Shader\CrossCompiler\Parser\Parser.h">
            <Filter>Renderer\Shader\CrossCompiler\Parser</Filter>
        </ClInclude>
        <None Include="D:\GoddamnEngine\source\GoddamnEngine\Engine\Renderer\Shader\CrossCompiler\Parser\Parser.inl">
            <Filter>Renderer\Shader\CrossCompiler\Parser</Filter>
        </None>
        <ClCompile Include="D:\GoddamnEngine\source\GoddamnEngine\Engine\Resource\Resource.cpp">
            <Filter>Resource</Filter>
        </ClCompile>
        <ClInclude Include="D:\GoddamnEngine\source\GoddamnEngine\Engine\Resource\Resource.h">
            <Filter>Resource</Filter>
        </ClInclude>
        <None Include="D:\GoddamnEngine\source\GoddamnEngine\Engine\Resource\Resource.inl">
            <Filter>Resource</Filter>
        </None>
        <ClCompile Include="D:\GoddamnEngine\source\GoddamnEngine\Engine\Resource\Material\Material.cpp">
            <Filter>Resource\Material</Filter>
        </ClCompile>
        <ClInclude Include="D:\GoddamnEngine\source\GoddamnEngine\Engine\Resource\Material\Material.h">
            <Filter>Resource\Material</Filter>
        </ClInclude>
        <ClCompile Include="D:\GoddamnEngine\source\GoddamnEngine\Engine\Resource\ResourceIdentifier\ResourceIdentifier.cpp">
            <Filter>Resource\ResourceIdentifier</Filter>
        </ClCompile>
        <ClInclude Include="D:\GoddamnEngine\source\GoddamnEngine\Engine\Resource\ResourceIdentifier\ResourceIdentifier.h">
            <Filter>Resource\ResourceIdentifier</Filter>
        </ClInclude>
        <None Include="D:\GoddamnEngine\source\GoddamnEngine\Engine\Resource\ResourceIdentifier\ResourceIdentifier.inl">
            <Filter>Resource\ResourceIdentifier</Filter>
        </None>
        <ClInclude Include="D:\GoddamnEngine\source\GoddamnEngine\Engine\Resource\ResourceLoader\ResourceLoader.h">
            <Filter>Resource\ResourceLoader</Filter>
        </ClInclude>
        <None Include="D:\GoddamnEngine\source\GoddamnEngine\Engine\Resource\ResourceLoader\ResourceLoader.inl">
            <Filter>Resource\ResourceLoader</Filter>
        </None>
        <ClInclude Include="D:\GoddamnEngine\source\GoddamnEngine\Engine\Resource\ResourceLoader\FromFile\ResourceLoaderFromFile.h">
            <Filter>Resource\ResourceLoader\FromFile</Filter>
        </ClInclude>
        <None Include="D:\GoddamnEngine\source\GoddamnEngine\Engine\Resource\ResourceLoader\FromFile\ResourceLoaderFromFile.inl">
            <Filter>Resource\ResourceLoader\FromFile</Filter>
        </None>
        <ClCompile Include="D:\GoddamnEngine\source\GoddamnEngine\Engine\Resource\ResourceLoader\FromFile\ResourceLoaderFromFile_STD.cpp">
            <Filter>Resource\ResourceLoader\FromFile</Filter>
        </ClCompile>
        <ClCompile Include="D:\GoddamnEngine\source\GoddamnEngine\Engine\Resource\ResourceLoader\FromMemory\ResourceLoaderFromMemory.cpp">
            <Filter>Resource\ResourceLoader\FromMemory</Filter>
        </ClCompile>
        <ClInclude Include="D:\GoddamnEngine\source\GoddamnEngine\Engine\Resource\ResourceLoader\FromMemory\ResourceLoaderFromMemory.h">
            <Filter>Resource\ResourceLoader\FromMemory</Filter>
        </ClInclude>
        <None Include="D:\GoddamnEngine\source\GoddamnEngine\Engine\Resource\ResourceLoader\FromMemory\ResourceLoaderFromMemory.inl">
            <Filter>Resource\ResourceLoader\FromMemory</Filter>
        </None>
        <ClCompile Include="D:\GoddamnEngine\source\GoddamnEngine\Engine\Resource\ResourceLoader\FromPackage\ResourceLoaderFromPackage.cpp">
            <Filter>Resource\ResourceLoader\FromPackage</Filter>
        </ClCompile>
        <ClInclude Include="D:\GoddamnEngine\source\GoddamnEngine\Engine\Resource\ResourceLoader\FromPackage\ResourceLoaderFromPackage.h">
            <Filter>Resource\ResourceLoader\FromPackage</Filter>
        </ClInclude>
        <None Include="D:\GoddamnEngine\source\GoddamnEngine\Engine\Resource\ResourceLoader\FromPackage\ResourceLoaderFromPackage.inl">
            <Filter>Resource\ResourceLoader\FromPackage</Filter>
        </None>
        <ClCompile Include="D:\GoddamnEngine\source\GoddamnEngine\Engine\Resource\ResourceLoader\FromServer\ResourceLoaderFromServer.cpp">
            <Filter>Resource\ResourceLoader\FromServer</Filter>
        </ClCompile>
        <ClInclude Include="D:\GoddamnEngine\source\GoddamnEngine\Engine\Resource\ResourceLoader\FromServer\ResourceLoaderFromServer.h">
            <Filter>Resource\ResourceLoader\FromServer</Filter>
        </ClInclude>
        <None Include="D:\GoddamnEngine\source\GoddamnEngine\Engine\Resource\ResourceLoader\FromServer\ResourceLoaderFromServer.inl">
            <Filter>Resource\ResourceLoader\FromServer</Filter>
        </None>
        <ClCompile Include="D:\GoddamnEngine\source\GoddamnEngine\Engine\Resource\ResourceStreamer\ResourceStreamer.cpp">
            <Filter>Resource\ResourceStreamer</Filter>
        </ClCompile>
        <ClInclude Include="D:\GoddamnEngine\source\GoddamnEngine\Engine\Resource\ResourceStreamer\ResourceStreamer.h">
            <Filter>Resource\ResourceStreamer</Filter>
        </ClInclude>
        <None Include="D:\GoddamnEngine\source\GoddamnEngine\Engine\Resource\ResourceStreamer\ResourceStreamer.inl">
            <Filter>Resource\ResourceStreamer</Filter>
        </None>
        <ClCompile Include="D:\GoddamnEngine\source\GoddamnEngine\Engine\Resource\ShaderProgram\ShaderProgramResource.cpp">
            <Filter>Resource\ShaderProgram</Filter>
        </ClCompile>
        <ClInclude Include="D:\GoddamnEngine\source\GoddamnEngine\Engine\Resource\ShaderProgram\ShaderProgramResource.h">
            <Filter>Resource\ShaderProgram</Filter>
        </ClInclude>
        <ClCompile Include="D:\GoddamnEngine\source\GoddamnEngine\Engine\Resource\StaticMesh\StaticMesh.cpp">
            <Filter>Resource\StaticMesh</Filter>
        </ClCompile>
        <ClInclude Include="D:\GoddamnEngine\source\GoddamnEngine\Engine\Resource\StaticMesh\StaticMesh.h">
            <Filter>Resource\StaticMesh</Filter>
        </ClInclude>
        <None Include="D:\GoddamnEngine\source\GoddamnEngine\Engine\Resource\StaticMesh\StaticMesh.inl">
            <Filter>Resource\StaticMesh</Filter>
        </None>
        <ClCompile Include="D:\GoddamnEngine\source\GoddamnEngine\Engine\Resource\Texture2D\Texture2DResource.cpp">
            <Filter>Resource\Texture2D</Filter>
        </ClCompile>
        <ClInclude Include="D:\GoddamnEngine\source\GoddamnEngine\Engine\Resource\Texture2D\Texture2DResource.h">
            <Filter>Resource\Texture2D</Filter>
        </ClInclude>
        <ClCompile Include="D:\GoddamnEngine\source\GoddamnEngine\Engine\Scene\Scene.cpp">
            <Filter>Scene</Filter>
        </ClCompile>
        <ClInclude Include="D:\GoddamnEngine\source\GoddamnEngine\Engine\Scene\Scene.h">
            <Filter>Scene</Filter>
        </ClInclude>
        <None Include="D:\GoddamnEngine\source\GoddamnEngine\Engine\Scene\Scene.inl">
            <Filter>Scene</Filter>
        </None>
        <ResourceCompile Include="D:\GoddamnEngine\source\GoddamnEngine\Engine\_DLLResources\IncredibleEngine.rc">
            <Filter>_DLLResources</Filter>
        </ResourceCompile>
        <ClInclude Include="D:\GoddamnEngine\source\GoddamnEngine\Engine\_DLLResources\resource.h">
            <Filter>_DLLResources</Filter>
        </ClInclude>
    </ItemGroup>
</Project>