<?xml version="1.0"?>
<!--
##########################################################################
# *.vcxproj/sln: Some Visual Studio project/solution file part.
# Copyright (C) $(GODDAMN_DEV) 2011 - Present. All Rights Reserved.
#
# This file was automatically generated by GoddamnBuildSystem. 
# Please, do not edit it manually.
##########################################################################
-->
<Project ToolsVersion="4.0" xmlns="http://schemas.microsoft.com/developer/msbuild/2003">
    <ItemGroup>
        <Filter Include="Allocator">
            <UniqueIdentifier>{081e6afd-f750-4c72-8a51-a15c5a44d0c9}</UniqueIdentifier>
        </Filter>
        <Filter Include="Compilers">
            <UniqueIdentifier>{fbfb046f-78ce-4e7c-8f1e-9401bcfc03ad}</UniqueIdentifier>
        </Filter>
        <Filter Include="Compilers\StreamedLexer">
            <UniqueIdentifier>{d5a2f7c4-f96f-4084-8e95-63fc5fa2551e}</UniqueIdentifier>
        </Filter>
        <Filter Include="Compilers\StreamedPreprocessor">
            <UniqueIdentifier>{0832358a-221f-412f-ad59-89e5fa304b30}</UniqueIdentifier>
        </Filter>
        <Filter Include="Compilers\Toolchain">
            <UniqueIdentifier>{3189c97a-42d1-41fb-8418-9b005b24f149}</UniqueIdentifier>
        </Filter>
        <Filter Include="Containers">
            <UniqueIdentifier>{aaf16ff4-ca2e-446f-a160-3b57794a583b}</UniqueIdentifier>
        </Filter>
        <Filter Include="Containers\LockFreeList">
            <UniqueIdentifier>{eec634c8-f2ed-4d06-a7db-da42f923523b}</UniqueIdentifier>
        </Filter>
        <Filter Include="Containers\Map">
            <UniqueIdentifier>{aeb24e5d-e4df-4a7c-9c86-5c75c3df716f}</UniqueIdentifier>
        </Filter>
        <Filter Include="Containers\Pair">
            <UniqueIdentifier>{4407e091-e614-4940-9a28-1dea5d23ba16}</UniqueIdentifier>
        </Filter>
        <Filter Include="Containers\Pointer">
            <UniqueIdentifier>{3f68ae1a-364d-4a42-be49-2607cb25cae2}</UniqueIdentifier>
        </Filter>
        <Filter Include="Containers\String">
            <UniqueIdentifier>{7bd01496-ad87-475f-9bee-92e88e9385ef}</UniqueIdentifier>
        </Filter>
        <Filter Include="Containers\Vector">
            <UniqueIdentifier>{b42a740c-5256-4b9b-b1cb-01d0cd231dad}</UniqueIdentifier>
        </Filter>
        <Filter Include="Diagnostics">
            <UniqueIdentifier>{98e050a1-698b-4dfe-9730-f9551ca50913}</UniqueIdentifier>
        </Filter>
        <Filter Include="Diagnostics\Assertion">
            <UniqueIdentifier>{b93f6d95-6d24-4c03-bd17-f5e8f319193e}</UniqueIdentifier>
        </Filter>
        <Filter Include="Events">
            <UniqueIdentifier>{328f8c0b-0aeb-4868-aa41-1eefacfcc0bc}</UniqueIdentifier>
        </Filter>
        <Filter Include="Format">
            <UniqueIdentifier>{9d825d3e-8e27-4e9a-a9a5-ad6101e91520}</UniqueIdentifier>
        </Filter>
        <Filter Include="Framework">
            <UniqueIdentifier>{f42517d3-a1a2-4ff4-afbd-30c40aa097b1}</UniqueIdentifier>
        </Filter>
        <Filter Include="IO">
            <UniqueIdentifier>{085735b8-9168-4870-9bcf-05320dd807f3}</UniqueIdentifier>
        </Filter>
        <Filter Include="IO\Path">
            <UniqueIdentifier>{e1100573-e1f6-4dff-8837-0642bf4755b7}</UniqueIdentifier>
        </Filter>
        <Filter Include="IO\Stream">
            <UniqueIdentifier>{71d9392e-66b4-4c55-a261-9b088ce67ddc}</UniqueIdentifier>
        </Filter>
        <Filter Include="LowLevelSystem">
            <UniqueIdentifier>{06838587-7e80-42fb-aae3-82614fb17312}</UniqueIdentifier>
        </Filter>
        <Filter Include="Math">
            <UniqueIdentifier>{78668bb6-d121-4ec0-94a9-864708586af8}</UniqueIdentifier>
        </Filter>
        <Filter Include="Math\FastMath">
            <UniqueIdentifier>{2b4703e1-7a1f-4154-9059-3ff9dfd8e9c1}</UniqueIdentifier>
        </Filter>
        <Filter Include="Math\Float32x4Intrinsics">
            <UniqueIdentifier>{03907b19-59d3-4b51-af5c-969e562a6991}</UniqueIdentifier>
        </Filter>
        <Filter Include="Object">
            <UniqueIdentifier>{904b4d89-0e9e-45e5-9892-93fe016d3680}</UniqueIdentifier>
        </Filter>
        <Filter Include="Object\RefPtr">
            <UniqueIdentifier>{852a9335-bc85-4d97-b372-ef2691aa45ce}</UniqueIdentifier>
        </Filter>
        <Filter Include="Object\Singleton">
            <UniqueIdentifier>{c629f7c8-3480-4bc4-96ed-45d37743f6a1}</UniqueIdentifier>
        </Filter>
        <Filter Include="Reflection">
            <UniqueIdentifier>{12f0e02e-b77c-40d1-9a74-7ddb068304f7}</UniqueIdentifier>
        </Filter>
        <Filter Include="Reflection\Assembly">
            <UniqueIdentifier>{8eba1a5f-f6ec-443e-96bf-848f21281dbf}</UniqueIdentifier>
        </Filter>
        <Filter Include="Reflection\FieldInformation">
            <UniqueIdentifier>{881e89ca-d7c5-407c-9da0-e30d2fa5ba93}</UniqueIdentifier>
        </Filter>
        <Filter Include="Reflection\MethodInformation">
            <UniqueIdentifier>{27927c15-d0d1-4a6b-af6d-79d689f1e813}</UniqueIdentifier>
        </Filter>
        <Filter Include="Reflection\PropertyInformation">
            <UniqueIdentifier>{fb5ca3bf-6036-423b-837f-58c026ce16d8}</UniqueIdentifier>
        </Filter>
        <Filter Include="Reflection\TypeInformation">
            <UniqueIdentifier>{19c49d18-b08a-47ef-8b7b-d071e4f02136}</UniqueIdentifier>
        </Filter>
        <Filter Include="Threading">
            <UniqueIdentifier>{982cd9ee-66c7-4a84-9724-b2098f3071ed}</UniqueIdentifier>
        </Filter>
        <Filter Include="Threading\Atomic">
            <UniqueIdentifier>{92bb41dc-757f-4eb4-86c5-6314785dd87f}</UniqueIdentifier>
        </Filter>
        <Filter Include="Threading\CriticalSection">
            <UniqueIdentifier>{102922d5-d52c-495a-b58b-5bbbbf3e0304}</UniqueIdentifier>
        </Filter>
        <Filter Include="Threading\SimpleThread">
            <UniqueIdentifier>{a8a28c1d-934e-49d8-8edc-b44eb459f65f}</UniqueIdentifier>
        </Filter>
        <Filter Include="Threading\Thread">
            <UniqueIdentifier>{38750c41-ce53-4feb-a5c6-ea7d06569808}</UniqueIdentifier>
        </Filter>
        <Filter Include="_DLLResources">
            <UniqueIdentifier>{5675fa5a-20b8-47e2-a68a-227a1bb7495b}</UniqueIdentifier>
        </Filter>
    </ItemGroup>
    <ItemGroup>
        <None Include="D:\GoddamnEngine\source\GoddamnEngine\Core\.gdproj.cs" />
        <ClInclude Include="D:\GoddamnEngine\source\GoddamnEngine\Core\Algorithm.hh" />
        <ClInclude Include="D:\GoddamnEngine\source\GoddamnEngine\Core\TypeTraits.hh" />
        <ClInclude Include="D:\GoddamnEngine\source\GoddamnEngine\Core\Utility.hh" />
        <ClCompile Include="D:\GoddamnEngine\source\GoddamnEngine\Core\Allocator\Allocator.cc">
            <Filter>Allocator</Filter>
        </ClCompile>
        <ClInclude Include="D:\GoddamnEngine\source\GoddamnEngine\Core\Allocator\Allocator.hh">
            <Filter>Allocator</Filter>
        </ClInclude>
        <None Include="D:\GoddamnEngine\source\GoddamnEngine\Core\Allocator\Allocator.inl">
            <Filter>Allocator</Filter>
        </None>
        <ClInclude Include="D:\GoddamnEngine\source\GoddamnEngine\Core\Allocator\OperatorNewDelete.hh">
            <Filter>Allocator</Filter>
        </ClInclude>
        <ClInclude Include="D:\GoddamnEngine\source\GoddamnEngine\Core\Compilers\CompilerBase.hh">
            <Filter>Compilers</Filter>
        </ClInclude>
        <ClCompile Include="D:\GoddamnEngine\source\GoddamnEngine\Core\Compilers\StreamedLexer\StreamedLexer.cc">
            <Filter>Compilers\StreamedLexer</Filter>
        </ClCompile>
        <ClInclude Include="D:\GoddamnEngine\source\GoddamnEngine\Core\Compilers\StreamedLexer\StreamedLexer.hh">
            <Filter>Compilers\StreamedLexer</Filter>
        </ClInclude>
        <ClCompile Include="D:\GoddamnEngine\source\GoddamnEngine\Core\Compilers\StreamedPreprocessor\StreamedPreprocessor.cc">
            <Filter>Compilers\StreamedPreprocessor</Filter>
        </ClCompile>
        <ClInclude Include="D:\GoddamnEngine\source\GoddamnEngine\Core\Compilers\StreamedPreprocessor\StreamedPreprocessor.hh">
            <Filter>Compilers\StreamedPreprocessor</Filter>
        </ClInclude>
        <ClCompile Include="D:\GoddamnEngine\source\GoddamnEngine\Core\Compilers\Toolchain\Toolchain.cc">
            <Filter>Compilers\Toolchain</Filter>
        </ClCompile>
        <ClInclude Include="D:\GoddamnEngine\source\GoddamnEngine\Core\Compilers\Toolchain\Toolchain.hh">
            <Filter>Compilers\Toolchain</Filter>
        </ClInclude>
        <None Include="D:\GoddamnEngine\source\GoddamnEngine\Core\Compilers\Toolchain\Toolchain.inl">
            <Filter>Compilers\Toolchain</Filter>
        </None>
        <ClInclude Include="D:\GoddamnEngine\source\GoddamnEngine\Core\Containers\Containers.hh">
            <Filter>Containers</Filter>
        </ClInclude>
        <None Include="D:\GoddamnEngine\source\GoddamnEngine\Core\Containers\Containers.inl">
            <Filter>Containers</Filter>
        </None>
        <ClInclude Include="D:\GoddamnEngine\source\GoddamnEngine\Core\Containers\LockFreeList\LockFreeList.hh">
            <Filter>Containers\LockFreeList</Filter>
        </ClInclude>
        <None Include="D:\GoddamnEngine\source\GoddamnEngine\Core\Containers\LockFreeList\LockFreeList.inl">
            <Filter>Containers\LockFreeList</Filter>
        </None>
        <ClInclude Include="D:\GoddamnEngine\source\GoddamnEngine\Core\Containers\Map\Map.hh">
            <Filter>Containers\Map</Filter>
        </ClInclude>
        <None Include="D:\GoddamnEngine\source\GoddamnEngine\Core\Containers\Map\Map.inl">
            <Filter>Containers\Map</Filter>
        </None>
        <ClInclude Include="D:\GoddamnEngine\source\GoddamnEngine\Core\Containers\Pair\Pair.hh">
            <Filter>Containers\Pair</Filter>
        </ClInclude>
        <None Include="D:\GoddamnEngine\source\GoddamnEngine\Core\Containers\Pair\Pair.inl">
            <Filter>Containers\Pair</Filter>
        </None>
        <ClInclude Include="D:\GoddamnEngine\source\GoddamnEngine\Core\Containers\Pointer\Pointer.hh">
            <Filter>Containers\Pointer</Filter>
        </ClInclude>
        <ClCompile Include="D:\GoddamnEngine\source\GoddamnEngine\Core\Containers\String\String.cc">
            <Filter>Containers\String</Filter>
        </ClCompile>
        <ClInclude Include="D:\GoddamnEngine\source\GoddamnEngine\Core\Containers\String\String.hh">
            <Filter>Containers\String</Filter>
        </ClInclude>
        <None Include="D:\GoddamnEngine\source\GoddamnEngine\Core\Containers\String\String.inl">
            <Filter>Containers\String</Filter>
        </None>
        <ClInclude Include="D:\GoddamnEngine\source\GoddamnEngine\Core\Containers\String\StringEx.hh">
            <Filter>Containers\String</Filter>
        </ClInclude>
        <ClInclude Include="D:\GoddamnEngine\source\GoddamnEngine\Core\Containers\Vector\BoolVector.hh">
            <Filter>Containers\Vector</Filter>
        </ClInclude>
        <None Include="D:\GoddamnEngine\source\GoddamnEngine\Core\Containers\Vector\BoolVector.inl">
            <Filter>Containers\Vector</Filter>
        </None>
        <ClInclude Include="D:\GoddamnEngine\source\GoddamnEngine\Core\Containers\Vector\Vector.hh">
            <Filter>Containers\Vector</Filter>
        </ClInclude>
        <None Include="D:\GoddamnEngine\source\GoddamnEngine\Core\Containers\Vector\Vector.inl">
            <Filter>Containers\Vector</Filter>
        </None>
        <None Include="D:\GoddamnEngine\source\GoddamnEngine\Core\Containers\Vector\Vector.natvis">
            <Filter>Containers\Vector</Filter>
        </None>
        <ClCompile Include="D:\GoddamnEngine\source\GoddamnEngine\Core\Diagnostics\Assertion\Assertion.cc">
            <Filter>Diagnostics\Assertion</Filter>
        </ClCompile>
        <ClInclude Include="D:\GoddamnEngine\source\GoddamnEngine\Core\Diagnostics\Assertion\Assertion.hh">
            <Filter>Diagnostics\Assertion</Filter>
        </ClInclude>
        <ClInclude Include="D:\GoddamnEngine\source\GoddamnEngine\Core\Events\Event.hh">
            <Filter>Events</Filter>
        </ClInclude>
        <ClInclude Include="D:\GoddamnEngine\source\GoddamnEngine\Core\Events\EventFunctor.hh">
            <Filter>Events</Filter>
        </ClInclude>
        <ClInclude Include="D:\GoddamnEngine\source\GoddamnEngine\Core\Format\Format.hh">
            <Filter>Format</Filter>
        </ClInclude>
        <ClInclude Include="D:\GoddamnEngine\source\GoddamnEngine\Core\Format\FormatFromString.hh">
            <Filter>Format</Filter>
        </ClInclude>
        <ClInclude Include="D:\GoddamnEngine\source\GoddamnEngine\Core\Format\FormatSelector.hh">
            <Filter>Format</Filter>
        </ClInclude>
        <ClCompile Include="D:\GoddamnEngine\source\GoddamnEngine\Core\Format\FormatValue.cc">
            <Filter>Format</Filter>
        </ClCompile>
        <ClInclude Include="D:\GoddamnEngine\source\GoddamnEngine\Core\Format\FormatValue.hh">
            <Filter>Format</Filter>
        </ClInclude>
        <None Include="D:\GoddamnEngine\source\GoddamnEngine\Core\Format\FormatValue.inl">
            <Filter>Format</Filter>
        </None>
        <ClCompile Include="D:\GoddamnEngine\source\GoddamnEngine\Core\Framework\Framework.cc">
            <Filter>Framework</Filter>
        </ClCompile>
        <ClInclude Include="D:\GoddamnEngine\source\GoddamnEngine\Core\Framework\Framework.hh">
            <Filter>Framework</Filter>
        </ClInclude>
        <None Include="D:\GoddamnEngine\source\GoddamnEngine\Core\Framework\Framework.SDL2.inl">
            <Filter>Framework</Filter>
        </None>
        <None Include="D:\GoddamnEngine\source\GoddamnEngine\Core\Framework\Framework.WinApi.inl">
            <Filter>Framework</Filter>
        </None>
        <ClCompile Include="D:\GoddamnEngine\source\GoddamnEngine\Core\IO\Path\Path.cc">
            <Filter>IO\Path</Filter>
        </ClCompile>
        <ClInclude Include="D:\GoddamnEngine\source\GoddamnEngine\Core\IO\Path\Path.hh">
            <Filter>IO\Path</Filter>
        </ClInclude>
        <ClCompile Include="D:\GoddamnEngine\source\GoddamnEngine\Core\IO\Stream\Stream.cc">
            <Filter>IO\Stream</Filter>
        </ClCompile>
        <ClInclude Include="D:\GoddamnEngine\source\GoddamnEngine\Core\IO\Stream\Stream.hh">
            <Filter>IO\Stream</Filter>
        </ClInclude>
        <None Include="D:\GoddamnEngine\source\GoddamnEngine\Core\IO\Stream\Stream.inl">
            <Filter>IO\Stream</Filter>
        </None>
        <ClCompile Include="D:\GoddamnEngine\source\GoddamnEngine\Core\LowLevelSystem\LowLevelSystem.cc">
            <Filter>LowLevelSystem</Filter>
        </ClCompile>
        <ClInclude Include="D:\GoddamnEngine\source\GoddamnEngine\Core\LowLevelSystem\LowLevelSystem.hh">
            <Filter>LowLevelSystem</Filter>
        </ClInclude>
        <None Include="D:\GoddamnEngine\source\GoddamnEngine\Core\LowLevelSystem\LowLevelSystem.inl">
            <Filter>LowLevelSystem</Filter>
        </None>
        <ClInclude Include="D:\GoddamnEngine\source\GoddamnEngine\Core\LowLevelSystem\LowLevelSystemGamepadButtons.hh">
            <Filter>LowLevelSystem</Filter>
        </ClInclude>
        <ClInclude Include="D:\GoddamnEngine\source\GoddamnEngine\Core\LowLevelSystem\LowLevelSystemKeyboardKeys.hh">
            <Filter>LowLevelSystem</Filter>
        </ClInclude>
        <ClInclude Include="D:\GoddamnEngine\source\GoddamnEngine\Core\LowLevelSystem\LowLevelSystemMouseButtons.hh">
            <Filter>LowLevelSystem</Filter>
        </ClInclude>
        <ClInclude Include="D:\GoddamnEngine\source\GoddamnEngine\Core\Math\All.hh">
            <Filter>Math</Filter>
        </ClInclude>
        <ClInclude Include="D:\GoddamnEngine\source\GoddamnEngine\Core\Math\HavokBindings.hh">
            <Filter>Math</Filter>
        </ClInclude>
        <ClInclude Include="D:\GoddamnEngine\source\GoddamnEngine\Core\Math\Math.hh">
            <Filter>Math</Filter>
        </ClInclude>
        <ClInclude Include="D:\GoddamnEngine\source\GoddamnEngine\Core\Math\MathCompilerSetupEnd.hh">
            <Filter>Math</Filter>
        </ClInclude>
        <ClInclude Include="D:\GoddamnEngine\source\GoddamnEngine\Core\Math\MathCompilerSetupStart.hh">
            <Filter>Math</Filter>
        </ClInclude>
        <ClInclude Include="D:\GoddamnEngine\source\GoddamnEngine\Core\Math\Matrix3.hh">
            <Filter>Math</Filter>
        </ClInclude>
        <ClInclude Include="D:\GoddamnEngine\source\GoddamnEngine\Core\Math\Matrix4x4.hh">
            <Filter>Math</Filter>
        </ClInclude>
        <ClInclude Include="D:\GoddamnEngine\source\GoddamnEngine\Core\Math\Quaternion.hh">
            <Filter>Math</Filter>
        </ClInclude>
        <ClInclude Include="D:\GoddamnEngine\source\GoddamnEngine\Core\Math\Vector2.hh">
            <Filter>Math</Filter>
        </ClInclude>
        <ClInclude Include="D:\GoddamnEngine\source\GoddamnEngine\Core\Math\Vector3.hh">
            <Filter>Math</Filter>
        </ClInclude>
        <ClInclude Include="D:\GoddamnEngine\source\GoddamnEngine\Core\Math\Vector3Fast.hh">
            <Filter>Math</Filter>
        </ClInclude>
        <ClInclude Include="D:\GoddamnEngine\source\GoddamnEngine\Core\Math\Vector4.hh">
            <Filter>Math</Filter>
        </ClInclude>
        <ClInclude Include="D:\GoddamnEngine\source\GoddamnEngine\Core\Math\FastMath\FastMath.hh">
            <Filter>Math\FastMath</Filter>
        </ClInclude>
        <None Include="D:\GoddamnEngine\source\GoddamnEngine\Core\Math\FastMath\FastMath.inl">
            <Filter>Math\FastMath</Filter>
        </None>
        <ClInclude Include="D:\GoddamnEngine\source\GoddamnEngine\Core\Math\Float32x4Intrinsics\Float32x4Intrinsics.hh">
            <Filter>Math\Float32x4Intrinsics</Filter>
        </ClInclude>
        <None Include="D:\GoddamnEngine\source\GoddamnEngine\Core\Math\Float32x4Intrinsics\Float32x4IntrinsicsNeon.inl">
            <Filter>Math\Float32x4Intrinsics</Filter>
        </None>
        <None Include="D:\GoddamnEngine\source\GoddamnEngine\Core\Math\Float32x4Intrinsics\Float32x4IntrinsicsSSE.inl">
            <Filter>Math\Float32x4Intrinsics</Filter>
        </None>
        <ClCompile Include="D:\GoddamnEngine\source\GoddamnEngine\Core\Object\Object.cc">
            <Filter>Object</Filter>
        </ClCompile>
        <ClInclude Include="D:\GoddamnEngine\source\GoddamnEngine\Core\Object\Object.hh">
            <Filter>Object</Filter>
        </ClInclude>
        <None Include="D:\GoddamnEngine\source\GoddamnEngine\Core\Object\Object.inl">
            <Filter>Object</Filter>
        </None>
        <ClInclude Include="D:\GoddamnEngine\source\GoddamnEngine\Core\Object\RefPtr\RefPtr.hh">
            <Filter>Object\RefPtr</Filter>
        </ClInclude>
        <None Include="D:\GoddamnEngine\source\GoddamnEngine\Core\Object\RefPtr\RefPtr.inl">
            <Filter>Object\RefPtr</Filter>
        </None>
        <ClInclude Include="D:\GoddamnEngine\source\GoddamnEngine\Core\Object\Singleton\Singleton.hh">
            <Filter>Object\Singleton</Filter>
        </ClInclude>
        <None Include="D:\GoddamnEngine\source\GoddamnEngine\Core\Object\Singleton\Singleton.inl">
            <Filter>Object\Singleton</Filter>
        </None>
        <ClInclude Include="D:\GoddamnEngine\source\GoddamnEngine\Core\Reflection\MemberInformation.hh">
            <Filter>Reflection</Filter>
        </ClInclude>
        <ClInclude Include="D:\GoddamnEngine\source\GoddamnEngine\Core\Reflection\Reflectable.hh">
            <Filter>Reflection</Filter>
        </ClInclude>
        <ClInclude Include="D:\GoddamnEngine\source\GoddamnEngine\Core\Reflection\Assembly\Assembly.hh">
            <Filter>Reflection\Assembly</Filter>
        </ClInclude>
        <None Include="D:\GoddamnEngine\source\GoddamnEngine\Core\Reflection\Assembly\Assembly.inl">
            <Filter>Reflection\Assembly</Filter>
        </None>
        <ClCompile Include="D:\GoddamnEngine\source\GoddamnEngine\Core\Reflection\Assembly\Assembly.Posix.cc">
            <Filter>Reflection\Assembly</Filter>
        </ClCompile>
        <ClCompile Include="D:\GoddamnEngine\source\GoddamnEngine\Core\Reflection\Assembly\Assembly.Win64.cc">
            <Filter>Reflection\Assembly</Filter>
        </ClCompile>
        <ClCompile Include="D:\GoddamnEngine\source\GoddamnEngine\Core\Reflection\FieldInformation\FieldInformation.cc">
            <Filter>Reflection\FieldInformation</Filter>
        </ClCompile>
        <ClInclude Include="D:\GoddamnEngine\source\GoddamnEngine\Core\Reflection\FieldInformation\FieldInformation.hh">
            <Filter>Reflection\FieldInformation</Filter>
        </ClInclude>
        <None Include="D:\GoddamnEngine\source\GoddamnEngine\Core\Reflection\FieldInformation\FieldInformation.inl">
            <Filter>Reflection\FieldInformation</Filter>
        </None>
        <ClCompile Include="D:\GoddamnEngine\source\GoddamnEngine\Core\Reflection\MethodInformation\MethodInformation.cc">
            <Filter>Reflection\MethodInformation</Filter>
        </ClCompile>
        <ClInclude Include="D:\GoddamnEngine\source\GoddamnEngine\Core\Reflection\MethodInformation\MethodInformation.hh">
            <Filter>Reflection\MethodInformation</Filter>
        </ClInclude>
        <None Include="D:\GoddamnEngine\source\GoddamnEngine\Core\Reflection\MethodInformation\MethodInformation.inl">
            <Filter>Reflection\MethodInformation</Filter>
        </None>
        <ClCompile Include="D:\GoddamnEngine\source\GoddamnEngine\Core\Reflection\PropertyInformation\PropertyInformation.cc">
            <Filter>Reflection\PropertyInformation</Filter>
        </ClCompile>
        <ClInclude Include="D:\GoddamnEngine\source\GoddamnEngine\Core\Reflection\PropertyInformation\PropertyInformation.hh">
            <Filter>Reflection\PropertyInformation</Filter>
        </ClInclude>
        <None Include="D:\GoddamnEngine\source\GoddamnEngine\Core\Reflection\PropertyInformation\PropertyInformation.inl">
            <Filter>Reflection\PropertyInformation</Filter>
        </None>
        <ClCompile Include="D:\GoddamnEngine\source\GoddamnEngine\Core\Reflection\TypeInformation\TypeInformation.cc">
            <Filter>Reflection\TypeInformation</Filter>
        </ClCompile>
        <ClInclude Include="D:\GoddamnEngine\source\GoddamnEngine\Core\Reflection\TypeInformation\TypeInformation.hh">
            <Filter>Reflection\TypeInformation</Filter>
        </ClInclude>
        <ClInclude Include="D:\GoddamnEngine\source\GoddamnEngine\Core\Threading\Atomic\Atomic.hh">
            <Filter>Threading\Atomic</Filter>
        </ClInclude>
        <ClInclude Include="D:\GoddamnEngine\source\GoddamnEngine\Core\Threading\CriticalSection\CriticalSection.hh">
            <Filter>Threading\CriticalSection</Filter>
        </ClInclude>
        <ClInclude Include="D:\GoddamnEngine\source\GoddamnEngine\Core\Threading\SimpleThread\SimpleThread.hh">
            <Filter>Threading\SimpleThread</Filter>
        </ClInclude>
        <ClInclude Include="D:\GoddamnEngine\source\GoddamnEngine\Core\Threading\Thread\Thread.hh">
            <Filter>Threading\Thread</Filter>
        </ClInclude>
        <ResourceCompile Include="D:\GoddamnEngine\source\GoddamnEngine\Core\_DLLResources\GoddamnCore.rc">
            <Filter>_DLLResources</Filter>
        </ResourceCompile>
        <ClInclude Include="D:\GoddamnEngine\source\GoddamnEngine\Core\_DLLResources\resource.hh">
            <Filter>_DLLResources</Filter>
        </ClInclude>
    </ItemGroup>
</Project>