<?xml version="1.0"?>
<!--
##########################################################################
# *.vcxproj/sln: Some Visual Studio project/solution file part.
# Copyright (C) $(GODDAMN_DEV) 2011 - Present. All Rights Reserved.
#
# This file was automatically generated by GoddamnBuildSystem. 
# Please, do not edit it manually.
##########################################################################
-->
<Project ToolsVersion="4.0" xmlns="http://schemas.microsoft.com/developer/msbuild/2003">
    <ItemGroup>
        <Filter Include="Allocator">
            <UniqueIdentifier>{4b83adb9-53d1-4aba-b617-1637756db85a}</UniqueIdentifier>
        </Filter>
        <Filter Include="Compilers">
            <UniqueIdentifier>{2f116c7c-8a67-4457-86a3-24c352e8ed80}</UniqueIdentifier>
        </Filter>
        <Filter Include="Compilers\StreamedLexer">
            <UniqueIdentifier>{49a58aa0-4ff3-4910-a54a-0462c9fed96c}</UniqueIdentifier>
        </Filter>
        <Filter Include="Compilers\StreamedPreprocessor">
            <UniqueIdentifier>{77dd4436-5033-4418-a335-0477f2cf34d2}</UniqueIdentifier>
        </Filter>
        <Filter Include="Compilers\Toolchain">
            <UniqueIdentifier>{fcbc26ef-69d6-40b4-8e6f-1c69d49ed7e1}</UniqueIdentifier>
        </Filter>
        <Filter Include="Containers">
            <UniqueIdentifier>{b7453445-06d1-4d58-aa2a-eeaf915b8a7d}</UniqueIdentifier>
        </Filter>
        <Filter Include="Containers\LockFreeList">
            <UniqueIdentifier>{7d5bbfd5-feb3-44f3-b1b9-536062b4a999}</UniqueIdentifier>
        </Filter>
        <Filter Include="Containers\Map">
            <UniqueIdentifier>{a78a8e1b-8bb7-4a9c-84a5-cf0a7ddc54d0}</UniqueIdentifier>
        </Filter>
        <Filter Include="Containers\Pair">
            <UniqueIdentifier>{49aead71-7a89-4237-a483-a1e18f771fed}</UniqueIdentifier>
        </Filter>
        <Filter Include="Containers\Pointer">
            <UniqueIdentifier>{f955284b-0b17-4b5f-b689-e5cca5e39807}</UniqueIdentifier>
        </Filter>
        <Filter Include="Containers\Vector">
            <UniqueIdentifier>{05530d7d-834d-476b-81f1-c934d728bee6}</UniqueIdentifier>
        </Filter>
        <Filter Include="Diagnostics">
            <UniqueIdentifier>{5f1ba9e1-c1e8-4e10-8e25-391262c53cbf}</UniqueIdentifier>
        </Filter>
        <Filter Include="Diagnostics\Assertion">
            <UniqueIdentifier>{1888b04d-34c3-460a-adc0-35edccffeeba}</UniqueIdentifier>
        </Filter>
        <Filter Include="Events">
            <UniqueIdentifier>{a696e270-9abf-44ca-9d8c-72641f6f686d}</UniqueIdentifier>
        </Filter>
        <Filter Include="Format">
            <UniqueIdentifier>{28f80636-eece-45de-baa4-70bd786da44b}</UniqueIdentifier>
        </Filter>
        <Filter Include="Framework">
            <UniqueIdentifier>{cf416bc3-2dae-41a2-9e98-77f770cf5d58}</UniqueIdentifier>
        </Filter>
        <Filter Include="IO">
            <UniqueIdentifier>{1a947f7c-3f9e-48af-a147-0c4f8f8e76af}</UniqueIdentifier>
        </Filter>
        <Filter Include="IO\Path">
            <UniqueIdentifier>{b1e18993-5fe9-4838-af47-8a716e0abb68}</UniqueIdentifier>
        </Filter>
        <Filter Include="IO\Stream">
            <UniqueIdentifier>{7cc40c00-7533-4806-b07e-f4a01a7f0793}</UniqueIdentifier>
        </Filter>
        <Filter Include="IO\Stream\FileStream">
            <UniqueIdentifier>{3be8f12b-0a8d-4b82-ab22-c171df9802a0}</UniqueIdentifier>
        </Filter>
        <Filter Include="IO\Stream\StringStream">
            <UniqueIdentifier>{ec57846f-0373-478b-b9c3-41511019f42b}</UniqueIdentifier>
        </Filter>
        <Filter Include="LowLevelSystem">
            <UniqueIdentifier>{47a47a4b-9c4f-49ee-966a-2b1c2105547b}</UniqueIdentifier>
        </Filter>
        <Filter Include="Math">
            <UniqueIdentifier>{79d8204e-cbef-4b1b-9ae2-433340243d14}</UniqueIdentifier>
        </Filter>
        <Filter Include="Math\FastMath">
            <UniqueIdentifier>{b13ca229-728a-49c9-8acc-26bd0631b643}</UniqueIdentifier>
        </Filter>
        <Filter Include="Math\Float32x4Intrinsics">
            <UniqueIdentifier>{5b364011-ae5e-4626-bb03-da27eb3e4792}</UniqueIdentifier>
        </Filter>
        <Filter Include="Object">
            <UniqueIdentifier>{5bca7209-ae99-4187-b059-30424a243021}</UniqueIdentifier>
        </Filter>
        <Filter Include="Object\RefPtr">
            <UniqueIdentifier>{5182aafa-1af6-4b55-bdf2-2d25cb6e1e0a}</UniqueIdentifier>
        </Filter>
        <Filter Include="Object\Singleton">
            <UniqueIdentifier>{ae4e0ae9-e72c-4885-b652-ac3bada938b5}</UniqueIdentifier>
        </Filter>
        <Filter Include="Reflection">
            <UniqueIdentifier>{0306f045-63df-4002-b3d7-fbce8925fe39}</UniqueIdentifier>
        </Filter>
        <Filter Include="Reflection\Assembly">
            <UniqueIdentifier>{046f7b52-4f72-49e2-a16c-0ea76942f31e}</UniqueIdentifier>
        </Filter>
        <Filter Include="Reflection\FieldInformation">
            <UniqueIdentifier>{c6bab2e8-23ce-4d8f-95ee-976c33d382cc}</UniqueIdentifier>
        </Filter>
        <Filter Include="Reflection\MethodInformation">
            <UniqueIdentifier>{1fdc4f83-5a34-4dd3-bfd0-8d10f3e35fe0}</UniqueIdentifier>
        </Filter>
        <Filter Include="Reflection\PropertyInformation">
            <UniqueIdentifier>{692f3233-a2da-4870-9279-a0485fea49db}</UniqueIdentifier>
        </Filter>
        <Filter Include="Reflection\TypeInformation">
            <UniqueIdentifier>{fe3c4c23-1b79-47b6-a3b9-7154805c5b96}</UniqueIdentifier>
        </Filter>
        <Filter Include="Text">
            <UniqueIdentifier>{a9017c19-89c3-4589-8953-783f9ffa0044}</UniqueIdentifier>
        </Filter>
        <Filter Include="Text\String">
            <UniqueIdentifier>{5d99d31e-463b-472d-959d-0e06e3dc81d5}</UniqueIdentifier>
        </Filter>
        <Filter Include="Text\StringBuilder">
            <UniqueIdentifier>{37e43677-670d-455b-8a3d-3530e5aafe4e}</UniqueIdentifier>
        </Filter>
        <Filter Include="Text\ToString">
            <UniqueIdentifier>{09f59ba6-6027-47cc-ac1c-45bb311ff803}</UniqueIdentifier>
        </Filter>
        <Filter Include="Threading">
            <UniqueIdentifier>{eb5c751c-b2d2-49a2-8fd1-0aeecf286349}</UniqueIdentifier>
        </Filter>
        <Filter Include="Threading\Atomic">
            <UniqueIdentifier>{00024da7-90cc-4c9c-b18f-3d436db6ee07}</UniqueIdentifier>
        </Filter>
        <Filter Include="Threading\CriticalSection">
            <UniqueIdentifier>{228ff57d-c209-4245-afb5-74d641b47523}</UniqueIdentifier>
        </Filter>
        <Filter Include="Threading\SimpleThread">
            <UniqueIdentifier>{5cd9d66f-f925-40fb-8196-db668f88fd1c}</UniqueIdentifier>
        </Filter>
        <Filter Include="Threading\Thread">
            <UniqueIdentifier>{e58b98c2-d792-48d0-a033-b2cc0f94f8d8}</UniqueIdentifier>
        </Filter>
        <Filter Include="_DLLResources">
            <UniqueIdentifier>{fa2367a7-2a24-4875-8b9a-625c39c107cd}</UniqueIdentifier>
        </Filter>
    </ItemGroup>
    <ItemGroup>
        <None Include="D:\GoddamnEngine\source\GoddamnEngine\Core\.gdproj.cs" />
        <ClInclude Include="D:\GoddamnEngine\source\GoddamnEngine\Core\Algorithm.hh" />
        <ClInclude Include="D:\GoddamnEngine\source\GoddamnEngine\Core\TypeTraits.hh" />
        <ClInclude Include="D:\GoddamnEngine\source\GoddamnEngine\Core\Utility.hh" />
        <ClCompile Include="D:\GoddamnEngine\source\GoddamnEngine\Core\Allocator\Allocator.cc">
            <Filter>Allocator</Filter>
        </ClCompile>
        <ClInclude Include="D:\GoddamnEngine\source\GoddamnEngine\Core\Allocator\Allocator.hh">
            <Filter>Allocator</Filter>
        </ClInclude>
        <ClInclude Include="D:\GoddamnEngine\source\GoddamnEngine\Core\Compilers\CompilerBase.hh">
            <Filter>Compilers</Filter>
        </ClInclude>
        <ClCompile Include="D:\GoddamnEngine\source\GoddamnEngine\Core\Compilers\StreamedLexer\StreamedLexer.cc">
            <Filter>Compilers\StreamedLexer</Filter>
        </ClCompile>
        <ClInclude Include="D:\GoddamnEngine\source\GoddamnEngine\Core\Compilers\StreamedLexer\StreamedLexer.hh">
            <Filter>Compilers\StreamedLexer</Filter>
        </ClInclude>
        <ClCompile Include="D:\GoddamnEngine\source\GoddamnEngine\Core\Compilers\StreamedPreprocessor\StreamedPreprocessor.cc">
            <Filter>Compilers\StreamedPreprocessor</Filter>
        </ClCompile>
        <ClInclude Include="D:\GoddamnEngine\source\GoddamnEngine\Core\Compilers\StreamedPreprocessor\StreamedPreprocessor.hh">
            <Filter>Compilers\StreamedPreprocessor</Filter>
        </ClInclude>
        <ClCompile Include="D:\GoddamnEngine\source\GoddamnEngine\Core\Compilers\Toolchain\Toolchain.cc">
            <Filter>Compilers\Toolchain</Filter>
        </ClCompile>
        <ClInclude Include="D:\GoddamnEngine\source\GoddamnEngine\Core\Compilers\Toolchain\Toolchain.hh">
            <Filter>Compilers\Toolchain</Filter>
        </ClInclude>
        <None Include="D:\GoddamnEngine\source\GoddamnEngine\Core\Compilers\Toolchain\Toolchain.inl">
            <Filter>Compilers\Toolchain</Filter>
        </None>
        <ClInclude Include="D:\GoddamnEngine\source\GoddamnEngine\Core\Containers\Containers.hh">
            <Filter>Containers</Filter>
        </ClInclude>
        <None Include="D:\GoddamnEngine\source\GoddamnEngine\Core\Containers\Containers.inl">
            <Filter>Containers</Filter>
        </None>
        <ClInclude Include="D:\GoddamnEngine\source\GoddamnEngine\Core\Containers\LockFreeList\LockFreeList.hh">
            <Filter>Containers\LockFreeList</Filter>
        </ClInclude>
        <None Include="D:\GoddamnEngine\source\GoddamnEngine\Core\Containers\LockFreeList\LockFreeList.inl">
            <Filter>Containers\LockFreeList</Filter>
        </None>
        <ClInclude Include="D:\GoddamnEngine\source\GoddamnEngine\Core\Containers\Map\Map.hh">
            <Filter>Containers\Map</Filter>
        </ClInclude>
        <None Include="D:\GoddamnEngine\source\GoddamnEngine\Core\Containers\Map\Map.inl">
            <Filter>Containers\Map</Filter>
        </None>
        <ClInclude Include="D:\GoddamnEngine\source\GoddamnEngine\Core\Containers\Pair\Pair.hh">
            <Filter>Containers\Pair</Filter>
        </ClInclude>
        <None Include="D:\GoddamnEngine\source\GoddamnEngine\Core\Containers\Pair\Pair.inl">
            <Filter>Containers\Pair</Filter>
        </None>
        <ClInclude Include="D:\GoddamnEngine\source\GoddamnEngine\Core\Containers\Pointer\Pointer.hh">
            <Filter>Containers\Pointer</Filter>
        </ClInclude>
        <ClInclude Include="D:\GoddamnEngine\source\GoddamnEngine\Core\Containers\Vector\BoolVector.hh">
            <Filter>Containers\Vector</Filter>
        </ClInclude>
        <None Include="D:\GoddamnEngine\source\GoddamnEngine\Core\Containers\Vector\BoolVector.inl">
            <Filter>Containers\Vector</Filter>
        </None>
        <ClInclude Include="D:\GoddamnEngine\source\GoddamnEngine\Core\Containers\Vector\Vector.hh">
            <Filter>Containers\Vector</Filter>
        </ClInclude>
        <None Include="D:\GoddamnEngine\source\GoddamnEngine\Core\Containers\Vector\Vector.inl">
            <Filter>Containers\Vector</Filter>
        </None>
        <None Include="D:\GoddamnEngine\source\GoddamnEngine\Core\Containers\Vector\Vector.natvis">
            <Filter>Containers\Vector</Filter>
        </None>
        <ClCompile Include="D:\GoddamnEngine\source\GoddamnEngine\Core\Diagnostics\Assertion\Assertion.cc">
            <Filter>Diagnostics\Assertion</Filter>
        </ClCompile>
        <ClInclude Include="D:\GoddamnEngine\source\GoddamnEngine\Core\Diagnostics\Assertion\Assertion.hh">
            <Filter>Diagnostics\Assertion</Filter>
        </ClInclude>
        <ClInclude Include="D:\GoddamnEngine\source\GoddamnEngine\Core\Events\Event.hh">
            <Filter>Events</Filter>
        </ClInclude>
        <ClInclude Include="D:\GoddamnEngine\source\GoddamnEngine\Core\Events\EventFunctor.hh">
            <Filter>Events</Filter>
        </ClInclude>
        <ClInclude Include="D:\GoddamnEngine\source\GoddamnEngine\Core\Format\Format.hh">
            <Filter>Format</Filter>
        </ClInclude>
        <ClInclude Include="D:\GoddamnEngine\source\GoddamnEngine\Core\Format\FormatFromString.hh">
            <Filter>Format</Filter>
        </ClInclude>
        <ClInclude Include="D:\GoddamnEngine\source\GoddamnEngine\Core\Format\FormatSelector.hh">
            <Filter>Format</Filter>
        </ClInclude>
        <ClCompile Include="D:\GoddamnEngine\source\GoddamnEngine\Core\Format\FormatValue.cc">
            <Filter>Format</Filter>
        </ClCompile>
        <ClInclude Include="D:\GoddamnEngine\source\GoddamnEngine\Core\Format\FormatValue.hh">
            <Filter>Format</Filter>
        </ClInclude>
        <None Include="D:\GoddamnEngine\source\GoddamnEngine\Core\Format\FormatValue.inl">
            <Filter>Format</Filter>
        </None>
        <ClCompile Include="D:\GoddamnEngine\source\GoddamnEngine\Core\Framework\Framework.cc">
            <Filter>Framework</Filter>
        </ClCompile>
        <None Include="D:\GoddamnEngine\source\GoddamnEngine\Core\Framework\Framework.Cocoa.mm">
            <Filter>Framework</Filter>
        </None>
        <ClInclude Include="D:\GoddamnEngine\source\GoddamnEngine\Core\Framework\Framework.hh">
            <Filter>Framework</Filter>
        </ClInclude>
        <None Include="D:\GoddamnEngine\source\GoddamnEngine\Core\Framework\Framework.SDL2.inl">
            <Filter>Framework</Filter>
        </None>
        <None Include="D:\GoddamnEngine\source\GoddamnEngine\Core\Framework\Framework.WinApi.inl">
            <Filter>Framework</Filter>
        </None>
        <ClCompile Include="D:\GoddamnEngine\source\GoddamnEngine\Core\IO\Path\Path.cc">
            <Filter>IO\Path</Filter>
        </ClCompile>
        <ClInclude Include="D:\GoddamnEngine\source\GoddamnEngine\Core\IO\Path\Path.hh">
            <Filter>IO\Path</Filter>
        </ClInclude>
        <ClCompile Include="D:\GoddamnEngine\source\GoddamnEngine\Core\IO\Stream\Stream.cc">
            <Filter>IO\Stream</Filter>
        </ClCompile>
        <ClInclude Include="D:\GoddamnEngine\source\GoddamnEngine\Core\IO\Stream\Stream.hh">
            <Filter>IO\Stream</Filter>
        </ClInclude>
        <None Include="D:\GoddamnEngine\source\GoddamnEngine\Core\IO\Stream\Stream.inl">
            <Filter>IO\Stream</Filter>
        </None>
        <ClInclude Include="D:\GoddamnEngine\source\GoddamnEngine\Core\IO\Stream\FileStream\FileStream.hh">
            <Filter>IO\Stream\FileStream</Filter>
        </ClInclude>
        <ClInclude Include="D:\GoddamnEngine\source\GoddamnEngine\Core\IO\Stream\StringStream\StringStream.hh">
            <Filter>IO\Stream\StringStream</Filter>
        </ClInclude>
        <ClCompile Include="D:\GoddamnEngine\source\GoddamnEngine\Core\LowLevelSystem\LowLevelSystem.cc">
            <Filter>LowLevelSystem</Filter>
        </ClCompile>
        <ClInclude Include="D:\GoddamnEngine\source\GoddamnEngine\Core\LowLevelSystem\LowLevelSystem.hh">
            <Filter>LowLevelSystem</Filter>
        </ClInclude>
        <None Include="D:\GoddamnEngine\source\GoddamnEngine\Core\LowLevelSystem\LowLevelSystem.inl">
            <Filter>LowLevelSystem</Filter>
        </None>
        <ClInclude Include="D:\GoddamnEngine\source\GoddamnEngine\Core\LowLevelSystem\LowLevelSystemGamepadButtons.hh">
            <Filter>LowLevelSystem</Filter>
        </ClInclude>
        <ClInclude Include="D:\GoddamnEngine\source\GoddamnEngine\Core\LowLevelSystem\LowLevelSystemKeyboardKeys.hh">
            <Filter>LowLevelSystem</Filter>
        </ClInclude>
        <ClInclude Include="D:\GoddamnEngine\source\GoddamnEngine\Core\LowLevelSystem\LowLevelSystemMouseButtons.hh">
            <Filter>LowLevelSystem</Filter>
        </ClInclude>
        <ClInclude Include="D:\GoddamnEngine\source\GoddamnEngine\Core\Math\All.hh">
            <Filter>Math</Filter>
        </ClInclude>
        <ClInclude Include="D:\GoddamnEngine\source\GoddamnEngine\Core\Math\HavokBindings.hh">
            <Filter>Math</Filter>
        </ClInclude>
        <ClInclude Include="D:\GoddamnEngine\source\GoddamnEngine\Core\Math\Math.hh">
            <Filter>Math</Filter>
        </ClInclude>
        <ClInclude Include="D:\GoddamnEngine\source\GoddamnEngine\Core\Math\MathCompilerSetupEnd.hh">
            <Filter>Math</Filter>
        </ClInclude>
        <ClInclude Include="D:\GoddamnEngine\source\GoddamnEngine\Core\Math\MathCompilerSetupStart.hh">
            <Filter>Math</Filter>
        </ClInclude>
        <ClInclude Include="D:\GoddamnEngine\source\GoddamnEngine\Core\Math\Matrix3.hh">
            <Filter>Math</Filter>
        </ClInclude>
        <ClInclude Include="D:\GoddamnEngine\source\GoddamnEngine\Core\Math\Matrix4x4.hh">
            <Filter>Math</Filter>
        </ClInclude>
        <ClInclude Include="D:\GoddamnEngine\source\GoddamnEngine\Core\Math\Quaternion.hh">
            <Filter>Math</Filter>
        </ClInclude>
        <ClInclude Include="D:\GoddamnEngine\source\GoddamnEngine\Core\Math\Vector2.hh">
            <Filter>Math</Filter>
        </ClInclude>
        <ClInclude Include="D:\GoddamnEngine\source\GoddamnEngine\Core\Math\Vector3.hh">
            <Filter>Math</Filter>
        </ClInclude>
        <ClInclude Include="D:\GoddamnEngine\source\GoddamnEngine\Core\Math\Vector3Fast.hh">
            <Filter>Math</Filter>
        </ClInclude>
        <ClInclude Include="D:\GoddamnEngine\source\GoddamnEngine\Core\Math\Vector4.hh">
            <Filter>Math</Filter>
        </ClInclude>
        <ClInclude Include="D:\GoddamnEngine\source\GoddamnEngine\Core\Math\FastMath\FastMath.hh">
            <Filter>Math\FastMath</Filter>
        </ClInclude>
        <None Include="D:\GoddamnEngine\source\GoddamnEngine\Core\Math\FastMath\FastMath.inl">
            <Filter>Math\FastMath</Filter>
        </None>
        <ClInclude Include="D:\GoddamnEngine\source\GoddamnEngine\Core\Math\Float32x4Intrinsics\Float32x4Intrinsics.hh">
            <Filter>Math\Float32x4Intrinsics</Filter>
        </ClInclude>
        <None Include="D:\GoddamnEngine\source\GoddamnEngine\Core\Math\Float32x4Intrinsics\Float32x4IntrinsicsNeon.inl">
            <Filter>Math\Float32x4Intrinsics</Filter>
        </None>
        <None Include="D:\GoddamnEngine\source\GoddamnEngine\Core\Math\Float32x4Intrinsics\Float32x4IntrinsicsSSE.inl">
            <Filter>Math\Float32x4Intrinsics</Filter>
        </None>
        <ClCompile Include="D:\GoddamnEngine\source\GoddamnEngine\Core\Object\Object.cc">
            <Filter>Object</Filter>
        </ClCompile>
        <ClInclude Include="D:\GoddamnEngine\source\GoddamnEngine\Core\Object\Object.hh">
            <Filter>Object</Filter>
        </ClInclude>
        <None Include="D:\GoddamnEngine\source\GoddamnEngine\Core\Object\Object.inl">
            <Filter>Object</Filter>
        </None>
        <ClInclude Include="D:\GoddamnEngine\source\GoddamnEngine\Core\Object\RefPtr\RefPtr.hh">
            <Filter>Object\RefPtr</Filter>
        </ClInclude>
        <None Include="D:\GoddamnEngine\source\GoddamnEngine\Core\Object\RefPtr\RefPtr.inl">
            <Filter>Object\RefPtr</Filter>
        </None>
        <ClInclude Include="D:\GoddamnEngine\source\GoddamnEngine\Core\Object\Singleton\Singleton.hh">
            <Filter>Object\Singleton</Filter>
        </ClInclude>
        <None Include="D:\GoddamnEngine\source\GoddamnEngine\Core\Object\Singleton\Singleton.inl">
            <Filter>Object\Singleton</Filter>
        </None>
        <ClInclude Include="D:\GoddamnEngine\source\GoddamnEngine\Core\Reflection\MemberInformation.hh">
            <Filter>Reflection</Filter>
        </ClInclude>
        <ClInclude Include="D:\GoddamnEngine\source\GoddamnEngine\Core\Reflection\Reflectable.hh">
            <Filter>Reflection</Filter>
        </ClInclude>
        <ClInclude Include="D:\GoddamnEngine\source\GoddamnEngine\Core\Reflection\Assembly\Assembly.hh">
            <Filter>Reflection\Assembly</Filter>
        </ClInclude>
        <None Include="D:\GoddamnEngine\source\GoddamnEngine\Core\Reflection\Assembly\Assembly.inl">
            <Filter>Reflection\Assembly</Filter>
        </None>
        <ClCompile Include="D:\GoddamnEngine\source\GoddamnEngine\Core\Reflection\Assembly\Assembly.Posix.cc">
            <Filter>Reflection\Assembly</Filter>
        </ClCompile>
        <ClCompile Include="D:\GoddamnEngine\source\GoddamnEngine\Core\Reflection\Assembly\Assembly.Win64.cc">
            <Filter>Reflection\Assembly</Filter>
        </ClCompile>
        <ClCompile Include="D:\GoddamnEngine\source\GoddamnEngine\Core\Reflection\FieldInformation\FieldInformation.cc">
            <Filter>Reflection\FieldInformation</Filter>
        </ClCompile>
        <ClInclude Include="D:\GoddamnEngine\source\GoddamnEngine\Core\Reflection\FieldInformation\FieldInformation.hh">
            <Filter>Reflection\FieldInformation</Filter>
        </ClInclude>
        <None Include="D:\GoddamnEngine\source\GoddamnEngine\Core\Reflection\FieldInformation\FieldInformation.inl">
            <Filter>Reflection\FieldInformation</Filter>
        </None>
        <ClCompile Include="D:\GoddamnEngine\source\GoddamnEngine\Core\Reflection\MethodInformation\MethodInformation.cc">
            <Filter>Reflection\MethodInformation</Filter>
        </ClCompile>
        <ClInclude Include="D:\GoddamnEngine\source\GoddamnEngine\Core\Reflection\MethodInformation\MethodInformation.hh">
            <Filter>Reflection\MethodInformation</Filter>
        </ClInclude>
        <None Include="D:\GoddamnEngine\source\GoddamnEngine\Core\Reflection\MethodInformation\MethodInformation.inl">
            <Filter>Reflection\MethodInformation</Filter>
        </None>
        <ClCompile Include="D:\GoddamnEngine\source\GoddamnEngine\Core\Reflection\PropertyInformation\PropertyInformation.cc">
            <Filter>Reflection\PropertyInformation</Filter>
        </ClCompile>
        <ClInclude Include="D:\GoddamnEngine\source\GoddamnEngine\Core\Reflection\PropertyInformation\PropertyInformation.hh">
            <Filter>Reflection\PropertyInformation</Filter>
        </ClInclude>
        <None Include="D:\GoddamnEngine\source\GoddamnEngine\Core\Reflection\PropertyInformation\PropertyInformation.inl">
            <Filter>Reflection\PropertyInformation</Filter>
        </None>
        <ClCompile Include="D:\GoddamnEngine\source\GoddamnEngine\Core\Reflection\TypeInformation\TypeInformation.cc">
            <Filter>Reflection\TypeInformation</Filter>
        </ClCompile>
        <ClInclude Include="D:\GoddamnEngine\source\GoddamnEngine\Core\Reflection\TypeInformation\TypeInformation.hh">
            <Filter>Reflection\TypeInformation</Filter>
        </ClInclude>
        <ClInclude Include="D:\GoddamnEngine\source\GoddamnEngine\Core\Text\CharHelpers.hh">
            <Filter>Text</Filter>
        </ClInclude>
        <ClInclude Include="D:\GoddamnEngine\source\GoddamnEngine\Core\Text\CharTraits.hh">
            <Filter>Text</Filter>
        </ClInclude>
        <ClCompile Include="D:\GoddamnEngine\source\GoddamnEngine\Core\Text\String\String.cc">
            <Filter>Text\String</Filter>
        </ClCompile>
        <ClInclude Include="D:\GoddamnEngine\source\GoddamnEngine\Core\Text\String\String.hh">
            <Filter>Text\String</Filter>
        </ClInclude>
        <None Include="D:\GoddamnEngine\source\GoddamnEngine\Core\Text\String\String.inl">
            <Filter>Text\String</Filter>
        </None>
        <ClInclude Include="D:\GoddamnEngine\source\GoddamnEngine\Core\Text\String\StringEx.hh">
            <Filter>Text\String</Filter>
        </ClInclude>
        <ClInclude Include="D:\GoddamnEngine\source\GoddamnEngine\Core\Text\StringBuilder\StringBuilder.hh">
            <Filter>Text\StringBuilder</Filter>
        </ClInclude>
        <None Include="D:\GoddamnEngine\source\GoddamnEngine\Core\Text\StringBuilder\StringBuilder.inl">
            <Filter>Text\StringBuilder</Filter>
        </None>
        <ClInclude Include="D:\GoddamnEngine\source\GoddamnEngine\Core\Threading\Atomic\Atomic.hh">
            <Filter>Threading\Atomic</Filter>
        </ClInclude>
        <ClInclude Include="D:\GoddamnEngine\source\GoddamnEngine\Core\Threading\CriticalSection\CriticalSection.hh">
            <Filter>Threading\CriticalSection</Filter>
        </ClInclude>
        <ClInclude Include="D:\GoddamnEngine\source\GoddamnEngine\Core\Threading\SimpleThread\SimpleThread.hh">
            <Filter>Threading\SimpleThread</Filter>
        </ClInclude>
        <ClInclude Include="D:\GoddamnEngine\source\GoddamnEngine\Core\Threading\Thread\Thread.hh">
            <Filter>Threading\Thread</Filter>
        </ClInclude>
        <ResourceCompile Include="D:\GoddamnEngine\source\GoddamnEngine\Core\_DLLResources\GoddamnCore.rc">
            <Filter>_DLLResources</Filter>
        </ResourceCompile>
        <ClInclude Include="D:\GoddamnEngine\source\GoddamnEngine\Core\_DLLResources\resource.hh">
            <Filter>_DLLResources</Filter>
        </ClInclude>
    </ItemGroup>
</Project>